// !$*UTF8*$!
{
	archiveVersion = 1;
	classes = {
	};
	objectVersion = 51;
	objects = {

/* Begin PBXBuildFile section */
		6818948E8688071777C52DEE /* libPods-LYMoodDiaryMaker.a in Frameworks */ = {isa = PBXBuildFile; fileRef = 998E5F40CEF7D3827D2DA449 /* libPods-LYMoodDiaryMaker.a */; };
		6923A807248777AF00511FC6 /* AppDelegate+UMSocial.m in Sources */ = {isa = PBXBuildFile; fileRef = 6923A7F6248777AF00511FC6 /* AppDelegate+UMSocial.m */; };
		6923A808248777AF00511FC6 /* AppDelegate.m in Sources */ = {isa = PBXBuildFile; fileRef = 6923A7F9248777AF00511FC6 /* AppDelegate.m */; };
		6923A809248777AF00511FC6 /* UIControl+LYUMTrack.m in Sources */ = {isa = PBXBuildFile; fileRef = 6923A7FB248777AF00511FC6 /* UIControl+LYUMTrack.m */; };
		6923A80A248777AF00511FC6 /* UIViewController+LYUMTrack.m in Sources */ = {isa = PBXBuildFile; fileRef = 6923A7FC248777AF00511FC6 /* UIViewController+LYUMTrack.m */; };
		6923A80B248777AF00511FC6 /* UIButton+SGCountdown.m in Sources */ = {isa = PBXBuildFile; fileRef = 6923A800248777AF00511FC6 /* UIButton+SGCountdown.m */; };
		6923A80C248777AF00511FC6 /* UIButton+SGImagePosition.m in Sources */ = {isa = PBXBuildFile; fileRef = 6923A802248777AF00511FC6 /* UIButton+SGImagePosition.m */; };
		6923A80D248777AF00511FC6 /* UIButton+SGEvent.m in Sources */ = {isa = PBXBuildFile; fileRef = 6923A803248777AF00511FC6 /* UIButton+SGEvent.m */; };
		69E2EE8D24878FDF0001FFF2 /* LYSettingViewController.m in Sources */ = {isa = PBXBuildFile; fileRef = 69E2EE7224878FDE0001FFF2 /* LYSettingViewController.m */; };
		69E2EE8E24878FDF0001FFF2 /* LYExportMoodViewController.m in Sources */ = {isa = PBXBuildFile; fileRef = 69E2EE7524878FDE0001FFF2 /* LYExportMoodViewController.m */; };
		69E2EE8F24878FDF0001FFF2 /* LYPrivacyAgreementViewController.m in Sources */ = {isa = PBXBuildFile; fileRef = 69E2EE7624878FDE0001FFF2 /* LYPrivacyAgreementViewController.m */; };
		69E2EE9024878FDF0001FFF2 /* LYAboutUsViewController.m in Sources */ = {isa = PBXBuildFile; fileRef = 69E2EE7724878FDE0001FFF2 /* LYAboutUsViewController.m */; };
		69E2EE9124878FDF0001FFF2 /* LYNoviceManualViewController.m in Sources */ = {isa = PBXBuildFile; fileRef = 69E2EE7824878FDE0001FFF2 /* LYNoviceManualViewController.m */; };
		69E2EE9224878FDF0001FFF2 /* LYAboutUsTableViewCell.m in Sources */ = {isa = PBXBuildFile; fileRef = 69E2EE7F24878FDE0001FFF2 /* LYAboutUsTableViewCell.m */; };
		69E2EE9324878FDF0001FFF2 /* LYExportMoodHeaderView.m in Sources */ = {isa = PBXBuildFile; fileRef = 69E2EE8224878FDE0001FFF2 /* LYExportMoodHeaderView.m */; };
		69E2EE9424878FDF0001FFF2 /* LYSettingTableViewCell.m in Sources */ = {isa = PBXBuildFile; fileRef = 69E2EE8324878FDE0001FFF2 /* LYSettingTableViewCell.m */; };
		69E2EE9524878FDF0001FFF2 /* LYAboutUsInfoView.m in Sources */ = {isa = PBXBuildFile; fileRef = 69E2EE8424878FDE0001FFF2 /* LYAboutUsInfoView.m */; };
		69E2EE9624878FDF0001FFF2 /* LYDIYCalendarCell.m in Sources */ = {isa = PBXBuildFile; fileRef = 69E2EE8524878FDE0001FFF2 /* LYDIYCalendarCell.m */; };
		69E2EE9724878FDF0001FFF2 /* LYNoviceManualTableViewCell.m in Sources */ = {isa = PBXBuildFile; fileRef = 69E2EE8624878FDE0001FFF2 /* LYNoviceManualTableViewCell.m */; };
		69E2EE9824878FDF0001FFF2 /* LYExportMoodBottomView.m in Sources */ = {isa = PBXBuildFile; fileRef = 69E2EE8724878FDF0001FFF2 /* LYExportMoodBottomView.m */; };
		69E2EE9924878FDF0001FFF2 /* LYPrivacyAgreementTableViewCell.m in Sources */ = {isa = PBXBuildFile; fileRef = 69E2EE8924878FDF0001FFF2 /* LYPrivacyAgreementTableViewCell.m */; };
		69E2EE9A24878FDF0001FFF2 /* LYPrivacyAgreementInfoView.m in Sources */ = {isa = PBXBuildFile; fileRef = 69E2EE8B24878FDF0001FFF2 /* LYPrivacyAgreementInfoView.m */; };
		69E2EEA4248794F10001FFF2 /* Target_General.m in Sources */ = {isa = PBXBuildFile; fileRef = 69E2EEA3248794F10001FFF2 /* Target_General.m */; };
		69E2EEAB2487A0C90001FFF2 /* CTMediator+CTMediatorGeneralActions.m in Sources */ = {isa = PBXBuildFile; fileRef = 69E2EEAA2487A0C90001FFF2 /* CTMediator+CTMediatorGeneralActions.m */; };
		69E2EEB52488C8470001FFF2 /* Alibaba-PuHuiTi-Bold.otf in Resources */ = {isa = PBXBuildFile; fileRef = 69E2EEB12488C8470001FFF2 /* Alibaba-PuHuiTi-Bold.otf */; };
		69E2EEB62488C8470001FFF2 /* Alibaba-PuHuiTi-Light.otf in Resources */ = {isa = PBXBuildFile; fileRef = 69E2EEB22488C8470001FFF2 /* Alibaba-PuHuiTi-Light.otf */; };
		69E2EEB72488C8470001FFF2 /* Alibaba-PuHuiTi-Medium.otf in Resources */ = {isa = PBXBuildFile; fileRef = 69E2EEB32488C8470001FFF2 /* Alibaba-PuHuiTi-Medium.otf */; };
		69E2EEB82488C8470001FFF2 /* Alibaba-PuHuiTi-Regular.otf in Resources */ = {isa = PBXBuildFile; fileRef = 69E2EEB42488C8470001FFF2 /* Alibaba-PuHuiTi-Regular.otf */; };
		CF0BD6DA22855CA800A3EECD /* LYMoodDiaryHomePageTableCell.m in Sources */ = {isa = PBXBuildFile; fileRef = CF0BD6D922855CA800A3EECD /* LYMoodDiaryHomePageTableCell.m */; };
		CF0BD6EF22857B6300A3EECD /* LYMoodDiaryHomePageHeaderView.m in Sources */ = {isa = PBXBuildFile; fileRef = CF0BD6EE22857B6300A3EECD /* LYMoodDiaryHomePageHeaderView.m */; };
		CF3DF01121F9AAB8000B8853 /* LYMoodDiaryHomePageController.m in Sources */ = {isa = PBXBuildFile; fileRef = CF3DF01021F9AAB8000B8853 /* LYMoodDiaryHomePageController.m */; };
		CF3DF01421F9AD68000B8853 /* LYHomePageMenuButton.m in Sources */ = {isa = PBXBuildFile; fileRef = CF3DF01221F9AD68000B8853 /* LYHomePageMenuButton.m */; };
		CF40606221EB1C500059B790 /* libc++.tbd in Frameworks */ = {isa = PBXBuildFile; fileRef = CF40606121EB1C4F0059B790 /* libc++.tbd */; };
		CF432E6F22A0BB6A00ABD7E6 /* LYGeneralViewController.m in Sources */ = {isa = PBXBuildFile; fileRef = CF432E6D22A0BB6A00ABD7E6 /* LYGeneralViewController.m */; };
		CF432E7522A11C3C00ABD7E6 /* LYMainRootViewController.m in Sources */ = {isa = PBXBuildFile; fileRef = CF432E7422A11C3C00ABD7E6 /* LYMainRootViewController.m */; };
		CF432E7822A16C4700ABD7E6 /* LYGeneraPasscodeViewController.m in Sources */ = {isa = PBXBuildFile; fileRef = CF432E7722A16C4600ABD7E6 /* LYGeneraPasscodeViewController.m */; };
		CF432EA522A22C0600ABD7E6 /* LYGeneralPasscodeCell.m in Sources */ = {isa = PBXBuildFile; fileRef = CF432EA422A22C0600ABD7E6 /* LYGeneralPasscodeCell.m */; };
		CF432EA822A230CE00ABD7E6 /* LYGeneralPasscodeSectionHeader.m in Sources */ = {isa = PBXBuildFile; fileRef = CF432EA722A230CE00ABD7E6 /* LYGeneralPasscodeSectionHeader.m */; };
		CF432EB122A2626500ABD7E6 /* LYCustomPasscodeViewController.m in Sources */ = {isa = PBXBuildFile; fileRef = CF432EB022A2626500ABD7E6 /* LYCustomPasscodeViewController.m */; };
		CF432EB322A292E100ABD7E6 /* LocalAuthentication.framework in Frameworks */ = {isa = PBXBuildFile; fileRef = CF432EB222A292E100ABD7E6 /* LocalAuthentication.framework */; };
		CF6C42EC21AE3522002287F9 /* CoreTelephony.framework in Frameworks */ = {isa = PBXBuildFile; fileRef = CF6C42EB21AE3522002287F9 /* CoreTelephony.framework */; };
		CF6C42EE21AE3536002287F9 /* libz.tbd in Frameworks */ = {isa = PBXBuildFile; fileRef = CF6C42ED21AE3536002287F9 /* libz.tbd */; };
		CF6C42F021AE353F002287F9 /* libsqlite3.tbd in Frameworks */ = {isa = PBXBuildFile; fileRef = CF6C42EF21AE353F002287F9 /* libsqlite3.tbd */; };
		CF6C42F221AE354B002287F9 /* SystemConfiguration.framework in Frameworks */ = {isa = PBXBuildFile; fileRef = CF6C42F121AE354B002287F9 /* SystemConfiguration.framework */; };
		CF6C430721AE4752002287F9 /* UserNotifications.framework in Frameworks */ = {isa = PBXBuildFile; fileRef = CF6C430621AE4752002287F9 /* UserNotifications.framework */; };
		CF6C430D21AE69D6002287F9 /* LYResources.bundle in Resources */ = {isa = PBXBuildFile; fileRef = CF6C430C21AE69D6002287F9 /* LYResources.bundle */; };
		CF6C431121AE6AD4002287F9 /* LYTabBarControllerConfig.m in Sources */ = {isa = PBXBuildFile; fileRef = CF6C430F21AE6AD3002287F9 /* LYTabBarControllerConfig.m */; };
		CF6C9F1D228AA11F00A003CF /* LYMoodDiaryHomePageToolBar.m in Sources */ = {isa = PBXBuildFile; fileRef = CF6C9F1C228AA11F00A003CF /* LYMoodDiaryHomePageToolBar.m */; };
		CF6C9F2C228BAEB300A003CF /* LYWriteMoodDiaryAddEmojiCell.m in Sources */ = {isa = PBXBuildFile; fileRef = CF6C9F2B228BAEB300A003CF /* LYWriteMoodDiaryAddEmojiCell.m */; };
		CF7C3267228C14D3003BF247 /* LYCalendarMoodViewController.m in Sources */ = {isa = PBXBuildFile; fileRef = CF7C3266228C14D3003BF247 /* LYCalendarMoodViewController.m */; };
		CF7C326A228CFA86003BF247 /* LYCalendarPickerMenu.m in Sources */ = {isa = PBXBuildFile; fileRef = CF7C3269228CFA86003BF247 /* LYCalendarPickerMenu.m */; };
		CF857720229FC35C0065409B /* LYTabbarPlusButton.m in Sources */ = {isa = PBXBuildFile; fileRef = CF85771F229FC35C0065409B /* LYTabbarPlusButton.m */; };
		CF9DA41722A51E1C0097D6A4 /* Localizable.strings in Resources */ = {isa = PBXBuildFile; fileRef = CF9DA41922A51E1C0097D6A4 /* Localizable.strings */; };
		CF9DA42622A605D20097D6A4 /* LYGeneralLanguageController.m in Sources */ = {isa = PBXBuildFile; fileRef = CF9DA42522A605D20097D6A4 /* LYGeneralLanguageController.m */; };
		CF9DA42922A606960097D6A4 /* LYGeneralLanguageCell.m in Sources */ = {isa = PBXBuildFile; fileRef = CF9DA42822A606960097D6A4 /* LYGeneralLanguageCell.m */; };
		CFB6D8B122896F0300590286 /* LYWriteMoodDiaryViewController.m in Sources */ = {isa = PBXBuildFile; fileRef = CFB6D8B022896F0300590286 /* LYWriteMoodDiaryViewController.m */; };
		CFB6D8B4228976F100590286 /* LYWriteMoodDiaryTableCell.m in Sources */ = {isa = PBXBuildFile; fileRef = CFB6D8B3228976F100590286 /* LYWriteMoodDiaryTableCell.m */; };
		CFB96978228FFBA70027DEF8 /* LYMoodDiaryPreviewViewController.m in Sources */ = {isa = PBXBuildFile; fileRef = CFB96977228FFBA70027DEF8 /* LYMoodDiaryPreviewViewController.m */; };
		CFB9697B228FFDE90027DEF8 /* LYMoodDiaryPreviewEmojiCell.m in Sources */ = {isa = PBXBuildFile; fileRef = CFB9697A228FFDE90027DEF8 /* LYMoodDiaryPreviewEmojiCell.m */; };
		CFB9697E228FFDFD0027DEF8 /* LYMoodDiaryPreviewTextCell.m in Sources */ = {isa = PBXBuildFile; fileRef = CFB9697D228FFDFD0027DEF8 /* LYMoodDiaryPreviewTextCell.m */; };
		CFDB56642125173200501905 /* Assets.xcassets in Resources */ = {isa = PBXBuildFile; fileRef = CFDB56632125173200501905 /* Assets.xcassets */; };
		CFDB566A2125173200501905 /* main.m in Sources */ = {isa = PBXBuildFile; fileRef = CFDB56692125173200501905 /* main.m */; };
		CFDB56AD212521A300501905 /* LYTabbarViewController.m in Sources */ = {isa = PBXBuildFile; fileRef = CFDB56AC212521A300501905 /* LYTabbarViewController.m */; };
		CFF1700022C06B9800916DBE /* LYGenneralSearchViewController.m in Sources */ = {isa = PBXBuildFile; fileRef = CFF16FFF22C06B9800916DBE /* LYGenneralSearchViewController.m */; };
		CFF1701022C0773200916DBE /* LYGenneralSearchNavigationView.m in Sources */ = {isa = PBXBuildFile; fileRef = CFF1700F22C0773200916DBE /* LYGenneralSearchNavigationView.m */; };
		CFF1701322C079A600916DBE /* LYWriteMoodDiaryGuideView.m in Sources */ = {isa = PBXBuildFile; fileRef = CFF1701222C079A600916DBE /* LYWriteMoodDiaryGuideView.m */; };
/* End PBXBuildFile section */

/* Begin PBXContainerItemProxy section */
		CFDB56702125173200501905 /* PBXContainerItemProxy */ = {
			isa = PBXContainerItemProxy;
			containerPortal = CFDB564F2125172E00501905 /* Project object */;
			proxyType = 1;
			remoteGlobalIDString = CFDB56562125172E00501905;
			remoteInfo = LYWeChatMaker;
		};
		CFDB567B2125173200501905 /* PBXContainerItemProxy */ = {
			isa = PBXContainerItemProxy;
			containerPortal = CFDB564F2125172E00501905 /* Project object */;
			proxyType = 1;
			remoteGlobalIDString = CFDB56562125172E00501905;
			remoteInfo = LYWeChatMaker;
		};
/* End PBXContainerItemProxy section */

/* Begin PBXFileReference section */
		2AF2A6FA2A22585A7516C8AC /* Pods-LYMoodDiaryMaker.debug.xcconfig */ = {isa = PBXFileReference; includeInIndex = 1; lastKnownFileType = text.xcconfig; name = "Pods-LYMoodDiaryMaker.debug.xcconfig"; path = "Pods/Target Support Files/Pods-LYMoodDiaryMaker/Pods-LYMoodDiaryMaker.debug.xcconfig"; sourceTree = "<group>"; };
		617F7AFE5CE82ECFF58486CD /* Pods-LYMoodDiaryMaker.release.xcconfig */ = {isa = PBXFileReference; includeInIndex = 1; lastKnownFileType = text.xcconfig; name = "Pods-LYMoodDiaryMaker.release.xcconfig"; path = "Pods/Target Support Files/Pods-LYMoodDiaryMaker/Pods-LYMoodDiaryMaker.release.xcconfig"; sourceTree = "<group>"; };
		6923A7F6248777AF00511FC6 /* AppDelegate+UMSocial.m */ = {isa = PBXFileReference; fileEncoding = 4; lastKnownFileType = sourcecode.c.objc; path = "AppDelegate+UMSocial.m"; sourceTree = "<group>"; };
		6923A7F7248777AF00511FC6 /* AppDelegate.h */ = {isa = PBXFileReference; fileEncoding = 4; lastKnownFileType = sourcecode.c.h; path = AppDelegate.h; sourceTree = "<group>"; };
		6923A7F8248777AF00511FC6 /* AppDelegate+UMSocial.h */ = {isa = PBXFileReference; fileEncoding = 4; lastKnownFileType = sourcecode.c.h; path = "AppDelegate+UMSocial.h"; sourceTree = "<group>"; };
		6923A7F9248777AF00511FC6 /* AppDelegate.m */ = {isa = PBXFileReference; fileEncoding = 4; lastKnownFileType = sourcecode.c.objc; path = AppDelegate.m; sourceTree = "<group>"; };
		6923A7FB248777AF00511FC6 /* UIControl+LYUMTrack.m */ = {isa = PBXFileReference; fileEncoding = 4; lastKnownFileType = sourcecode.c.objc; path = "UIControl+LYUMTrack.m"; sourceTree = "<group>"; };
		6923A7FC248777AF00511FC6 /* UIViewController+LYUMTrack.m */ = {isa = PBXFileReference; fileEncoding = 4; lastKnownFileType = sourcecode.c.objc; path = "UIViewController+LYUMTrack.m"; sourceTree = "<group>"; };
		6923A7FD248777AF00511FC6 /* UIControl+LYUMTrack.h */ = {isa = PBXFileReference; fileEncoding = 4; lastKnownFileType = sourcecode.c.h; path = "UIControl+LYUMTrack.h"; sourceTree = "<group>"; };
		6923A7FE248777AF00511FC6 /* UIViewController+LYUMTrack.h */ = {isa = PBXFileReference; fileEncoding = 4; lastKnownFileType = sourcecode.c.h; path = "UIViewController+LYUMTrack.h"; sourceTree = "<group>"; };
		6923A800248777AF00511FC6 /* UIButton+SGCountdown.m */ = {isa = PBXFileReference; fileEncoding = 4; lastKnownFileType = sourcecode.c.objc; path = "UIButton+SGCountdown.m"; sourceTree = "<group>"; };
		6923A801248777AF00511FC6 /* UIButton+SGEvent.h */ = {isa = PBXFileReference; fileEncoding = 4; lastKnownFileType = sourcecode.c.h; path = "UIButton+SGEvent.h"; sourceTree = "<group>"; };
		6923A802248777AF00511FC6 /* UIButton+SGImagePosition.m */ = {isa = PBXFileReference; fileEncoding = 4; lastKnownFileType = sourcecode.c.objc; path = "UIButton+SGImagePosition.m"; sourceTree = "<group>"; };
		6923A803248777AF00511FC6 /* UIButton+SGEvent.m */ = {isa = PBXFileReference; fileEncoding = 4; lastKnownFileType = sourcecode.c.objc; path = "UIButton+SGEvent.m"; sourceTree = "<group>"; };
		6923A804248777AF00511FC6 /* UIButton+SGCountdown.h */ = {isa = PBXFileReference; fileEncoding = 4; lastKnownFileType = sourcecode.c.h; path = "UIButton+SGCountdown.h"; sourceTree = "<group>"; };
		6923A805248777AF00511FC6 /* UIButton+SGImagePosition.h */ = {isa = PBXFileReference; fileEncoding = 4; lastKnownFileType = sourcecode.c.h; path = "UIButton+SGImagePosition.h"; sourceTree = "<group>"; };
		6923A806248777AF00511FC6 /* SGEasyButton.h */ = {isa = PBXFileReference; fileEncoding = 4; lastKnownFileType = sourcecode.c.h; path = SGEasyButton.h; sourceTree = "<group>"; };
		69E2EE7024878FDE0001FFF2 /* LYExportMoodViewController.h */ = {isa = PBXFileReference; fileEncoding = 4; lastKnownFileType = sourcecode.c.h; path = LYExportMoodViewController.h; sourceTree = "<group>"; };
		69E2EE7124878FDE0001FFF2 /* LYPrivacyAgreementViewController.h */ = {isa = PBXFileReference; fileEncoding = 4; lastKnownFileType = sourcecode.c.h; path = LYPrivacyAgreementViewController.h; sourceTree = "<group>"; };
		69E2EE7224878FDE0001FFF2 /* LYSettingViewController.m */ = {isa = PBXFileReference; fileEncoding = 4; lastKnownFileType = sourcecode.c.objc; path = LYSettingViewController.m; sourceTree = "<group>"; };
		69E2EE7324878FDE0001FFF2 /* LYNoviceManualViewController.h */ = {isa = PBXFileReference; fileEncoding = 4; lastKnownFileType = sourcecode.c.h; path = LYNoviceManualViewController.h; sourceTree = "<group>"; };
		69E2EE7424878FDE0001FFF2 /* LYAboutUsViewController.h */ = {isa = PBXFileReference; fileEncoding = 4; lastKnownFileType = sourcecode.c.h; path = LYAboutUsViewController.h; sourceTree = "<group>"; };
		69E2EE7524878FDE0001FFF2 /* LYExportMoodViewController.m */ = {isa = PBXFileReference; fileEncoding = 4; lastKnownFileType = sourcecode.c.objc; path = LYExportMoodViewController.m; sourceTree = "<group>"; };
		69E2EE7624878FDE0001FFF2 /* LYPrivacyAgreementViewController.m */ = {isa = PBXFileReference; fileEncoding = 4; lastKnownFileType = sourcecode.c.objc; path = LYPrivacyAgreementViewController.m; sourceTree = "<group>"; };
		69E2EE7724878FDE0001FFF2 /* LYAboutUsViewController.m */ = {isa = PBXFileReference; fileEncoding = 4; lastKnownFileType = sourcecode.c.objc; path = LYAboutUsViewController.m; sourceTree = "<group>"; };
		69E2EE7824878FDE0001FFF2 /* LYNoviceManualViewController.m */ = {isa = PBXFileReference; fileEncoding = 4; lastKnownFileType = sourcecode.c.objc; path = LYNoviceManualViewController.m; sourceTree = "<group>"; };
		69E2EE7924878FDE0001FFF2 /* LYSettingViewController.h */ = {isa = PBXFileReference; fileEncoding = 4; lastKnownFileType = sourcecode.c.h; path = LYSettingViewController.h; sourceTree = "<group>"; };
		69E2EE7B24878FDE0001FFF2 /* LYDIYCalendarCell.h */ = {isa = PBXFileReference; fileEncoding = 4; lastKnownFileType = sourcecode.c.h; path = LYDIYCalendarCell.h; sourceTree = "<group>"; };
		69E2EE7C24878FDE0001FFF2 /* LYAboutUsInfoView.h */ = {isa = PBXFileReference; fileEncoding = 4; lastKnownFileType = sourcecode.c.h; path = LYAboutUsInfoView.h; sourceTree = "<group>"; };
		69E2EE7D24878FDE0001FFF2 /* LYNoviceManualTableViewCell.h */ = {isa = PBXFileReference; fileEncoding = 4; lastKnownFileType = sourcecode.c.h; path = LYNoviceManualTableViewCell.h; sourceTree = "<group>"; };
		69E2EE7E24878FDE0001FFF2 /* LYPrivacyAgreementTableViewCell.h */ = {isa = PBXFileReference; fileEncoding = 4; lastKnownFileType = sourcecode.c.h; path = LYPrivacyAgreementTableViewCell.h; sourceTree = "<group>"; };
		69E2EE7F24878FDE0001FFF2 /* LYAboutUsTableViewCell.m */ = {isa = PBXFileReference; fileEncoding = 4; lastKnownFileType = sourcecode.c.objc; path = LYAboutUsTableViewCell.m; sourceTree = "<group>"; };
		69E2EE8024878FDE0001FFF2 /* LYExportMoodBottomView.h */ = {isa = PBXFileReference; fileEncoding = 4; lastKnownFileType = sourcecode.c.h; path = LYExportMoodBottomView.h; sourceTree = "<group>"; };
		69E2EE8124878FDE0001FFF2 /* LYPrivacyAgreementInfoView.h */ = {isa = PBXFileReference; fileEncoding = 4; lastKnownFileType = sourcecode.c.h; path = LYPrivacyAgreementInfoView.h; sourceTree = "<group>"; };
		69E2EE8224878FDE0001FFF2 /* LYExportMoodHeaderView.m */ = {isa = PBXFileReference; fileEncoding = 4; lastKnownFileType = sourcecode.c.objc; path = LYExportMoodHeaderView.m; sourceTree = "<group>"; };
		69E2EE8324878FDE0001FFF2 /* LYSettingTableViewCell.m */ = {isa = PBXFileReference; fileEncoding = 4; lastKnownFileType = sourcecode.c.objc; path = LYSettingTableViewCell.m; sourceTree = "<group>"; };
		69E2EE8424878FDE0001FFF2 /* LYAboutUsInfoView.m */ = {isa = PBXFileReference; fileEncoding = 4; lastKnownFileType = sourcecode.c.objc; path = LYAboutUsInfoView.m; sourceTree = "<group>"; };
		69E2EE8524878FDE0001FFF2 /* LYDIYCalendarCell.m */ = {isa = PBXFileReference; fileEncoding = 4; lastKnownFileType = sourcecode.c.objc; path = LYDIYCalendarCell.m; sourceTree = "<group>"; };
		69E2EE8624878FDE0001FFF2 /* LYNoviceManualTableViewCell.m */ = {isa = PBXFileReference; fileEncoding = 4; lastKnownFileType = sourcecode.c.objc; path = LYNoviceManualTableViewCell.m; sourceTree = "<group>"; };
		69E2EE8724878FDF0001FFF2 /* LYExportMoodBottomView.m */ = {isa = PBXFileReference; fileEncoding = 4; lastKnownFileType = sourcecode.c.objc; path = LYExportMoodBottomView.m; sourceTree = "<group>"; };
		69E2EE8824878FDF0001FFF2 /* LYAboutUsTableViewCell.h */ = {isa = PBXFileReference; fileEncoding = 4; lastKnownFileType = sourcecode.c.h; path = LYAboutUsTableViewCell.h; sourceTree = "<group>"; };
		69E2EE8924878FDF0001FFF2 /* LYPrivacyAgreementTableViewCell.m */ = {isa = PBXFileReference; fileEncoding = 4; lastKnownFileType = sourcecode.c.objc; path = LYPrivacyAgreementTableViewCell.m; sourceTree = "<group>"; };
		69E2EE8A24878FDF0001FFF2 /* LYSettingTableViewCell.h */ = {isa = PBXFileReference; fileEncoding = 4; lastKnownFileType = sourcecode.c.h; path = LYSettingTableViewCell.h; sourceTree = "<group>"; };
		69E2EE8B24878FDF0001FFF2 /* LYPrivacyAgreementInfoView.m */ = {isa = PBXFileReference; fileEncoding = 4; lastKnownFileType = sourcecode.c.objc; path = LYPrivacyAgreementInfoView.m; sourceTree = "<group>"; };
		69E2EE8C24878FDF0001FFF2 /* LYExportMoodHeaderView.h */ = {isa = PBXFileReference; fileEncoding = 4; lastKnownFileType = sourcecode.c.h; path = LYExportMoodHeaderView.h; sourceTree = "<group>"; };
		69E2EEA2248794F10001FFF2 /* Target_General.h */ = {isa = PBXFileReference; lastKnownFileType = sourcecode.c.h; path = Target_General.h; sourceTree = "<group>"; };
		69E2EEA3248794F10001FFF2 /* Target_General.m */ = {isa = PBXFileReference; lastKnownFileType = sourcecode.c.objc; path = Target_General.m; sourceTree = "<group>"; };
		69E2EEA824879C0C0001FFF2 /* LYModuleCategoriesKit.h */ = {isa = PBXFileReference; fileEncoding = 4; lastKnownFileType = sourcecode.c.h; path = LYModuleCategoriesKit.h; sourceTree = "<group>"; };
		69E2EEA92487A0C90001FFF2 /* CTMediator+CTMediatorGeneralActions.h */ = {isa = PBXFileReference; lastKnownFileType = sourcecode.c.h; path = "CTMediator+CTMediatorGeneralActions.h"; sourceTree = "<group>"; };
		69E2EEAA2487A0C90001FFF2 /* CTMediator+CTMediatorGeneralActions.m */ = {isa = PBXFileReference; lastKnownFileType = sourcecode.c.objc; path = "CTMediator+CTMediatorGeneralActions.m"; sourceTree = "<group>"; };
		69E2EEB12488C8470001FFF2 /* Alibaba-PuHuiTi-Bold.otf */ = {isa = PBXFileReference; lastKnownFileType = file; path = "Alibaba-PuHuiTi-Bold.otf"; sourceTree = "<group>"; };
		69E2EEB22488C8470001FFF2 /* Alibaba-PuHuiTi-Light.otf */ = {isa = PBXFileReference; lastKnownFileType = file; path = "Alibaba-PuHuiTi-Light.otf"; sourceTree = "<group>"; };
		69E2EEB32488C8470001FFF2 /* Alibaba-PuHuiTi-Medium.otf */ = {isa = PBXFileReference; lastKnownFileType = file; path = "Alibaba-PuHuiTi-Medium.otf"; sourceTree = "<group>"; };
		69E2EEB42488C8470001FFF2 /* Alibaba-PuHuiTi-Regular.otf */ = {isa = PBXFileReference; lastKnownFileType = file; path = "Alibaba-PuHuiTi-Regular.otf"; sourceTree = "<group>"; };
		998E5F40CEF7D3827D2DA449 /* libPods-LYMoodDiaryMaker.a */ = {isa = PBXFileReference; explicitFileType = archive.ar; includeInIndex = 0; path = "libPods-LYMoodDiaryMaker.a"; sourceTree = BUILT_PRODUCTS_DIR; };
		CF0BD6D822855CA800A3EECD /* LYMoodDiaryHomePageTableCell.h */ = {isa = PBXFileReference; lastKnownFileType = sourcecode.c.h; path = LYMoodDiaryHomePageTableCell.h; sourceTree = "<group>"; };
		CF0BD6D922855CA800A3EECD /* LYMoodDiaryHomePageTableCell.m */ = {isa = PBXFileReference; lastKnownFileType = sourcecode.c.objc; path = LYMoodDiaryHomePageTableCell.m; sourceTree = "<group>"; };
		CF0BD6ED22857B6300A3EECD /* LYMoodDiaryHomePageHeaderView.h */ = {isa = PBXFileReference; lastKnownFileType = sourcecode.c.h; path = LYMoodDiaryHomePageHeaderView.h; sourceTree = "<group>"; };
		CF0BD6EE22857B6300A3EECD /* LYMoodDiaryHomePageHeaderView.m */ = {isa = PBXFileReference; lastKnownFileType = sourcecode.c.objc; path = LYMoodDiaryHomePageHeaderView.m; sourceTree = "<group>"; };
		CF3DF00F21F9AAB8000B8853 /* LYMoodDiaryHomePageController.h */ = {isa = PBXFileReference; lastKnownFileType = sourcecode.c.h; path = LYMoodDiaryHomePageController.h; sourceTree = "<group>"; };
		CF3DF01021F9AAB8000B8853 /* LYMoodDiaryHomePageController.m */ = {isa = PBXFileReference; lastKnownFileType = sourcecode.c.objc; path = LYMoodDiaryHomePageController.m; sourceTree = "<group>"; };
		CF3DF01221F9AD68000B8853 /* LYHomePageMenuButton.m */ = {isa = PBXFileReference; fileEncoding = 4; lastKnownFileType = sourcecode.c.objc; path = LYHomePageMenuButton.m; sourceTree = "<group>"; };
		CF3DF01321F9AD68000B8853 /* LYHomePageMenuButton.h */ = {isa = PBXFileReference; fileEncoding = 4; lastKnownFileType = sourcecode.c.h; path = LYHomePageMenuButton.h; sourceTree = "<group>"; };
		CF40606121EB1C4F0059B790 /* libc++.tbd */ = {isa = PBXFileReference; lastKnownFileType = "sourcecode.text-based-dylib-definition"; name = "libc++.tbd"; path = "usr/lib/libc++.tbd"; sourceTree = SDKROOT; };
		CF432E6D22A0BB6A00ABD7E6 /* LYGeneralViewController.m */ = {isa = PBXFileReference; fileEncoding = 4; lastKnownFileType = sourcecode.c.objc; path = LYGeneralViewController.m; sourceTree = "<group>"; };
		CF432E6E22A0BB6A00ABD7E6 /* LYGeneralViewController.h */ = {isa = PBXFileReference; fileEncoding = 4; lastKnownFileType = sourcecode.c.h; path = LYGeneralViewController.h; sourceTree = "<group>"; };
		CF432E7322A11C3C00ABD7E6 /* LYMainRootViewController.h */ = {isa = PBXFileReference; lastKnownFileType = sourcecode.c.h; path = LYMainRootViewController.h; sourceTree = "<group>"; };
		CF432E7422A11C3C00ABD7E6 /* LYMainRootViewController.m */ = {isa = PBXFileReference; lastKnownFileType = sourcecode.c.objc; path = LYMainRootViewController.m; sourceTree = "<group>"; };
		CF432E7622A16C4600ABD7E6 /* LYGeneraPasscodeViewController.h */ = {isa = PBXFileReference; lastKnownFileType = sourcecode.c.h; path = LYGeneraPasscodeViewController.h; sourceTree = "<group>"; };
		CF432E7722A16C4600ABD7E6 /* LYGeneraPasscodeViewController.m */ = {isa = PBXFileReference; lastKnownFileType = sourcecode.c.objc; path = LYGeneraPasscodeViewController.m; sourceTree = "<group>"; };
		CF432EA322A22C0600ABD7E6 /* LYGeneralPasscodeCell.h */ = {isa = PBXFileReference; lastKnownFileType = sourcecode.c.h; path = LYGeneralPasscodeCell.h; sourceTree = "<group>"; };
		CF432EA422A22C0600ABD7E6 /* LYGeneralPasscodeCell.m */ = {isa = PBXFileReference; lastKnownFileType = sourcecode.c.objc; path = LYGeneralPasscodeCell.m; sourceTree = "<group>"; };
		CF432EA622A230CD00ABD7E6 /* LYGeneralPasscodeSectionHeader.h */ = {isa = PBXFileReference; lastKnownFileType = sourcecode.c.h; path = LYGeneralPasscodeSectionHeader.h; sourceTree = "<group>"; };
		CF432EA722A230CE00ABD7E6 /* LYGeneralPasscodeSectionHeader.m */ = {isa = PBXFileReference; lastKnownFileType = sourcecode.c.objc; path = LYGeneralPasscodeSectionHeader.m; sourceTree = "<group>"; };
		CF432EAF22A2626500ABD7E6 /* LYCustomPasscodeViewController.h */ = {isa = PBXFileReference; lastKnownFileType = sourcecode.c.h; path = LYCustomPasscodeViewController.h; sourceTree = "<group>"; };
		CF432EB022A2626500ABD7E6 /* LYCustomPasscodeViewController.m */ = {isa = PBXFileReference; lastKnownFileType = sourcecode.c.objc; path = LYCustomPasscodeViewController.m; sourceTree = "<group>"; };
		CF432EB222A292E100ABD7E6 /* LocalAuthentication.framework */ = {isa = PBXFileReference; lastKnownFileType = wrapper.framework; name = LocalAuthentication.framework; path = System/Library/Frameworks/LocalAuthentication.framework; sourceTree = SDKROOT; };
		CF6C42EB21AE3522002287F9 /* CoreTelephony.framework */ = {isa = PBXFileReference; lastKnownFileType = wrapper.framework; name = CoreTelephony.framework; path = System/Library/Frameworks/CoreTelephony.framework; sourceTree = SDKROOT; };
		CF6C42ED21AE3536002287F9 /* libz.tbd */ = {isa = PBXFileReference; lastKnownFileType = "sourcecode.text-based-dylib-definition"; name = libz.tbd; path = usr/lib/libz.tbd; sourceTree = SDKROOT; };
		CF6C42EF21AE353F002287F9 /* libsqlite3.tbd */ = {isa = PBXFileReference; lastKnownFileType = "sourcecode.text-based-dylib-definition"; name = libsqlite3.tbd; path = usr/lib/libsqlite3.tbd; sourceTree = SDKROOT; };
		CF6C42F121AE354B002287F9 /* SystemConfiguration.framework */ = {isa = PBXFileReference; lastKnownFileType = wrapper.framework; name = SystemConfiguration.framework; path = System/Library/Frameworks/SystemConfiguration.framework; sourceTree = SDKROOT; };
		CF6C430521AE4731002287F9 /* LYMoodDiaryMaker.entitlements */ = {isa = PBXFileReference; lastKnownFileType = text.plist.entitlements; path = LYMoodDiaryMaker.entitlements; sourceTree = "<group>"; };
		CF6C430621AE4752002287F9 /* UserNotifications.framework */ = {isa = PBXFileReference; lastKnownFileType = wrapper.framework; name = UserNotifications.framework; path = System/Library/Frameworks/UserNotifications.framework; sourceTree = SDKROOT; };
		CF6C430C21AE69D6002287F9 /* LYResources.bundle */ = {isa = PBXFileReference; lastKnownFileType = "wrapper.plug-in"; path = LYResources.bundle; sourceTree = "<group>"; };
		CF6C430F21AE6AD3002287F9 /* LYTabBarControllerConfig.m */ = {isa = PBXFileReference; fileEncoding = 4; lastKnownFileType = sourcecode.c.objc; path = LYTabBarControllerConfig.m; sourceTree = "<group>"; };
		CF6C431021AE6AD4002287F9 /* LYTabBarControllerConfig.h */ = {isa = PBXFileReference; fileEncoding = 4; lastKnownFileType = sourcecode.c.h; path = LYTabBarControllerConfig.h; sourceTree = "<group>"; };
		CF6C9F1B228AA11F00A003CF /* LYMoodDiaryHomePageToolBar.h */ = {isa = PBXFileReference; lastKnownFileType = sourcecode.c.h; path = LYMoodDiaryHomePageToolBar.h; sourceTree = "<group>"; };
		CF6C9F1C228AA11F00A003CF /* LYMoodDiaryHomePageToolBar.m */ = {isa = PBXFileReference; lastKnownFileType = sourcecode.c.objc; path = LYMoodDiaryHomePageToolBar.m; sourceTree = "<group>"; };
		CF6C9F2A228BAEB300A003CF /* LYWriteMoodDiaryAddEmojiCell.h */ = {isa = PBXFileReference; lastKnownFileType = sourcecode.c.h; path = LYWriteMoodDiaryAddEmojiCell.h; sourceTree = "<group>"; };
		CF6C9F2B228BAEB300A003CF /* LYWriteMoodDiaryAddEmojiCell.m */ = {isa = PBXFileReference; lastKnownFileType = sourcecode.c.objc; path = LYWriteMoodDiaryAddEmojiCell.m; sourceTree = "<group>"; };
		CF7C3265228C14D3003BF247 /* LYCalendarMoodViewController.h */ = {isa = PBXFileReference; lastKnownFileType = sourcecode.c.h; path = LYCalendarMoodViewController.h; sourceTree = "<group>"; };
		CF7C3266228C14D3003BF247 /* LYCalendarMoodViewController.m */ = {isa = PBXFileReference; lastKnownFileType = sourcecode.c.objc; path = LYCalendarMoodViewController.m; sourceTree = "<group>"; };
		CF7C3268228CFA86003BF247 /* LYCalendarPickerMenu.h */ = {isa = PBXFileReference; lastKnownFileType = sourcecode.c.h; path = LYCalendarPickerMenu.h; sourceTree = "<group>"; };
		CF7C3269228CFA86003BF247 /* LYCalendarPickerMenu.m */ = {isa = PBXFileReference; lastKnownFileType = sourcecode.c.objc; path = LYCalendarPickerMenu.m; sourceTree = "<group>"; };
		CF85771E229FC35C0065409B /* LYTabbarPlusButton.h */ = {isa = PBXFileReference; lastKnownFileType = sourcecode.c.h; path = LYTabbarPlusButton.h; sourceTree = "<group>"; };
		CF85771F229FC35C0065409B /* LYTabbarPlusButton.m */ = {isa = PBXFileReference; lastKnownFileType = sourcecode.c.objc; path = LYTabbarPlusButton.m; sourceTree = "<group>"; };
		CF9DA41822A51E1C0097D6A4 /* en */ = {isa = PBXFileReference; lastKnownFileType = text.plist.strings; name = en; path = en.lproj/Localizable.strings; sourceTree = "<group>"; };
		CF9DA41A22A51E270097D6A4 /* zh-Hans */ = {isa = PBXFileReference; lastKnownFileType = text.plist.strings; name = "zh-Hans"; path = "zh-Hans.lproj/Localizable.strings"; sourceTree = "<group>"; };
		CF9DA41B22A51E370097D6A4 /* ja */ = {isa = PBXFileReference; lastKnownFileType = text.plist.strings; name = ja; path = ja.lproj/Localizable.strings; sourceTree = "<group>"; };
		CF9DA41C22A51E390097D6A4 /* fr */ = {isa = PBXFileReference; lastKnownFileType = text.plist.strings; name = fr; path = fr.lproj/Localizable.strings; sourceTree = "<group>"; };
		CF9DA41D22A51E3E0097D6A4 /* ko */ = {isa = PBXFileReference; lastKnownFileType = text.plist.strings; name = ko; path = ko.lproj/Localizable.strings; sourceTree = "<group>"; };
		CF9DA42422A605D20097D6A4 /* LYGeneralLanguageController.h */ = {isa = PBXFileReference; lastKnownFileType = sourcecode.c.h; path = LYGeneralLanguageController.h; sourceTree = "<group>"; };
		CF9DA42522A605D20097D6A4 /* LYGeneralLanguageController.m */ = {isa = PBXFileReference; lastKnownFileType = sourcecode.c.objc; path = LYGeneralLanguageController.m; sourceTree = "<group>"; };
		CF9DA42722A606960097D6A4 /* LYGeneralLanguageCell.h */ = {isa = PBXFileReference; lastKnownFileType = sourcecode.c.h; path = LYGeneralLanguageCell.h; sourceTree = "<group>"; };
		CF9DA42822A606960097D6A4 /* LYGeneralLanguageCell.m */ = {isa = PBXFileReference; lastKnownFileType = sourcecode.c.objc; path = LYGeneralLanguageCell.m; sourceTree = "<group>"; };
		CFB6D8AF22896F0300590286 /* LYWriteMoodDiaryViewController.h */ = {isa = PBXFileReference; lastKnownFileType = sourcecode.c.h; path = LYWriteMoodDiaryViewController.h; sourceTree = "<group>"; };
		CFB6D8B022896F0300590286 /* LYWriteMoodDiaryViewController.m */ = {isa = PBXFileReference; lastKnownFileType = sourcecode.c.objc; path = LYWriteMoodDiaryViewController.m; sourceTree = "<group>"; };
		CFB6D8B2228976F100590286 /* LYWriteMoodDiaryTableCell.h */ = {isa = PBXFileReference; lastKnownFileType = sourcecode.c.h; path = LYWriteMoodDiaryTableCell.h; sourceTree = "<group>"; };
		CFB6D8B3228976F100590286 /* LYWriteMoodDiaryTableCell.m */ = {isa = PBXFileReference; lastKnownFileType = sourcecode.c.objc; path = LYWriteMoodDiaryTableCell.m; sourceTree = "<group>"; };
		CFB96976228FFBA70027DEF8 /* LYMoodDiaryPreviewViewController.h */ = {isa = PBXFileReference; lastKnownFileType = sourcecode.c.h; path = LYMoodDiaryPreviewViewController.h; sourceTree = "<group>"; };
		CFB96977228FFBA70027DEF8 /* LYMoodDiaryPreviewViewController.m */ = {isa = PBXFileReference; lastKnownFileType = sourcecode.c.objc; path = LYMoodDiaryPreviewViewController.m; sourceTree = "<group>"; };
		CFB96979228FFDE90027DEF8 /* LYMoodDiaryPreviewEmojiCell.h */ = {isa = PBXFileReference; lastKnownFileType = sourcecode.c.h; path = LYMoodDiaryPreviewEmojiCell.h; sourceTree = "<group>"; };
		CFB9697A228FFDE90027DEF8 /* LYMoodDiaryPreviewEmojiCell.m */ = {isa = PBXFileReference; lastKnownFileType = sourcecode.c.objc; path = LYMoodDiaryPreviewEmojiCell.m; sourceTree = "<group>"; };
		CFB9697C228FFDFD0027DEF8 /* LYMoodDiaryPreviewTextCell.h */ = {isa = PBXFileReference; lastKnownFileType = sourcecode.c.h; path = LYMoodDiaryPreviewTextCell.h; sourceTree = "<group>"; };
		CFB9697D228FFDFD0027DEF8 /* LYMoodDiaryPreviewTextCell.m */ = {isa = PBXFileReference; lastKnownFileType = sourcecode.c.objc; path = LYMoodDiaryPreviewTextCell.m; sourceTree = "<group>"; };
		CFDB56572125172E00501905 /* LYMoodDiaryMaker.app */ = {isa = PBXFileReference; explicitFileType = wrapper.application; includeInIndex = 0; path = LYMoodDiaryMaker.app; sourceTree = BUILT_PRODUCTS_DIR; };
		CFDB56632125173200501905 /* Assets.xcassets */ = {isa = PBXFileReference; lastKnownFileType = folder.assetcatalog; path = Assets.xcassets; sourceTree = "<group>"; };
		CFDB56682125173200501905 /* Info.plist */ = {isa = PBXFileReference; lastKnownFileType = text.plist.xml; path = Info.plist; sourceTree = "<group>"; };
		CFDB56692125173200501905 /* main.m */ = {isa = PBXFileReference; lastKnownFileType = sourcecode.c.objc; path = main.m; sourceTree = "<group>"; };
		CFDB566F2125173200501905 /* LYMoodDiaryMakerTests.xctest */ = {isa = PBXFileReference; explicitFileType = wrapper.cfbundle; includeInIndex = 0; path = LYMoodDiaryMakerTests.xctest; sourceTree = BUILT_PRODUCTS_DIR; };
		CFDB56752125173200501905 /* Info.plist */ = {isa = PBXFileReference; lastKnownFileType = text.plist.xml; path = Info.plist; sourceTree = "<group>"; };
		CFDB567A2125173200501905 /* LYMoodDiaryMakerUITests.xctest */ = {isa = PBXFileReference; explicitFileType = wrapper.cfbundle; includeInIndex = 0; path = LYMoodDiaryMakerUITests.xctest; sourceTree = BUILT_PRODUCTS_DIR; };
		CFDB56802125173200501905 /* Info.plist */ = {isa = PBXFileReference; lastKnownFileType = text.plist.xml; path = Info.plist; sourceTree = "<group>"; };
		CFDB56932125202600501905 /* LYMoodDiaryMakerPrefixHeader.pch */ = {isa = PBXFileReference; lastKnownFileType = sourcecode.c.h; path = LYMoodDiaryMakerPrefixHeader.pch; sourceTree = "<group>"; };
		CFDB56AB212521A300501905 /* LYTabbarViewController.h */ = {isa = PBXFileReference; lastKnownFileType = sourcecode.c.h; path = LYTabbarViewController.h; sourceTree = "<group>"; };
		CFDB56AC212521A300501905 /* LYTabbarViewController.m */ = {isa = PBXFileReference; lastKnownFileType = sourcecode.c.objc; path = LYTabbarViewController.m; sourceTree = "<group>"; };
		CFF16FFE22C06B9800916DBE /* LYGenneralSearchViewController.h */ = {isa = PBXFileReference; lastKnownFileType = sourcecode.c.h; path = LYGenneralSearchViewController.h; sourceTree = "<group>"; };
		CFF16FFF22C06B9800916DBE /* LYGenneralSearchViewController.m */ = {isa = PBXFileReference; lastKnownFileType = sourcecode.c.objc; path = LYGenneralSearchViewController.m; sourceTree = "<group>"; };
		CFF1700E22C0773200916DBE /* LYGenneralSearchNavigationView.h */ = {isa = PBXFileReference; lastKnownFileType = sourcecode.c.h; path = LYGenneralSearchNavigationView.h; sourceTree = "<group>"; };
		CFF1700F22C0773200916DBE /* LYGenneralSearchNavigationView.m */ = {isa = PBXFileReference; lastKnownFileType = sourcecode.c.objc; path = LYGenneralSearchNavigationView.m; sourceTree = "<group>"; };
		CFF1701122C079A600916DBE /* LYWriteMoodDiaryGuideView.h */ = {isa = PBXFileReference; lastKnownFileType = sourcecode.c.h; path = LYWriteMoodDiaryGuideView.h; sourceTree = "<group>"; };
		CFF1701222C079A600916DBE /* LYWriteMoodDiaryGuideView.m */ = {isa = PBXFileReference; lastKnownFileType = sourcecode.c.objc; path = LYWriteMoodDiaryGuideView.m; sourceTree = "<group>"; };
/* End PBXFileReference section */

/* Begin PBXFrameworksBuildPhase section */
		CFDB56542125172E00501905 /* Frameworks */ = {
			isa = PBXFrameworksBuildPhase;
			buildActionMask = 2147483647;
			files = (
				CF432EB322A292E100ABD7E6 /* LocalAuthentication.framework in Frameworks */,
				CF40606221EB1C500059B790 /* libc++.tbd in Frameworks */,
				CF6C430721AE4752002287F9 /* UserNotifications.framework in Frameworks */,
				CF6C42F221AE354B002287F9 /* SystemConfiguration.framework in Frameworks */,
				CF6C42F021AE353F002287F9 /* libsqlite3.tbd in Frameworks */,
				CF6C42EE21AE3536002287F9 /* libz.tbd in Frameworks */,
				CF6C42EC21AE3522002287F9 /* CoreTelephony.framework in Frameworks */,
				6818948E8688071777C52DEE /* libPods-LYMoodDiaryMaker.a in Frameworks */,
			);
			runOnlyForDeploymentPostprocessing = 0;
		};
		CFDB566C2125173200501905 /* Frameworks */ = {
			isa = PBXFrameworksBuildPhase;
			buildActionMask = 2147483647;
			files = (
			);
			runOnlyForDeploymentPostprocessing = 0;
		};
		CFDB56772125173200501905 /* Frameworks */ = {
			isa = PBXFrameworksBuildPhase;
			buildActionMask = 2147483647;
			files = (
			);
			runOnlyForDeploymentPostprocessing = 0;
		};
/* End PBXFrameworksBuildPhase section */

/* Begin PBXGroup section */
		64D699DE14FA7ACFFEA3565A /* Pods */ = {
			isa = PBXGroup;
			children = (
				2AF2A6FA2A22585A7516C8AC /* Pods-LYMoodDiaryMaker.debug.xcconfig */,
				617F7AFE5CE82ECFF58486CD /* Pods-LYMoodDiaryMaker.release.xcconfig */,
			);
			name = Pods;
			sourceTree = "<group>";
		};
		6923A7F5248777AF00511FC6 /* File */ = {
			isa = PBXGroup;
			children = (
				6923A7F7248777AF00511FC6 /* AppDelegate.h */,
				6923A7F9248777AF00511FC6 /* AppDelegate.m */,
				6923A7F8248777AF00511FC6 /* AppDelegate+UMSocial.h */,
				6923A7F6248777AF00511FC6 /* AppDelegate+UMSocial.m */,
			);
			path = File;
			sourceTree = "<group>";
		};
		6923A7FA248777AF00511FC6 /* Category */ = {
			isa = PBXGroup;
			children = (
				6923A7FB248777AF00511FC6 /* UIControl+LYUMTrack.m */,
				6923A7FC248777AF00511FC6 /* UIViewController+LYUMTrack.m */,
				6923A7FD248777AF00511FC6 /* UIControl+LYUMTrack.h */,
				6923A7FE248777AF00511FC6 /* UIViewController+LYUMTrack.h */,
			);
			path = Category;
			sourceTree = "<group>";
		};
		6923A7FF248777AF00511FC6 /* SGEasyButton */ = {
			isa = PBXGroup;
			children = (
				6923A800248777AF00511FC6 /* UIButton+SGCountdown.m */,
				6923A801248777AF00511FC6 /* UIButton+SGEvent.h */,
				6923A802248777AF00511FC6 /* UIButton+SGImagePosition.m */,
				6923A803248777AF00511FC6 /* UIButton+SGEvent.m */,
				6923A804248777AF00511FC6 /* UIButton+SGCountdown.h */,
				6923A805248777AF00511FC6 /* UIButton+SGImagePosition.h */,
				6923A806248777AF00511FC6 /* SGEasyButton.h */,
			);
			path = SGEasyButton;
			sourceTree = "<group>";
		};
		69E2EE6E24878FDE0001FFF2 /* Setting */ = {
			isa = PBXGroup;
			children = (
				69E2EE6F24878FDE0001FFF2 /* Controller */,
				69E2EE7A24878FDE0001FFF2 /* View */,
			);
			path = Setting;
			sourceTree = "<group>";
		};
		69E2EE6F24878FDE0001FFF2 /* Controller */ = {
			isa = PBXGroup;
			children = (
				69E2EE7024878FDE0001FFF2 /* LYExportMoodViewController.h */,
				69E2EE7124878FDE0001FFF2 /* LYPrivacyAgreementViewController.h */,
				69E2EE7224878FDE0001FFF2 /* LYSettingViewController.m */,
				69E2EE7324878FDE0001FFF2 /* LYNoviceManualViewController.h */,
				69E2EE7424878FDE0001FFF2 /* LYAboutUsViewController.h */,
				69E2EE7524878FDE0001FFF2 /* LYExportMoodViewController.m */,
				69E2EE7624878FDE0001FFF2 /* LYPrivacyAgreementViewController.m */,
				69E2EE7724878FDE0001FFF2 /* LYAboutUsViewController.m */,
				69E2EE7824878FDE0001FFF2 /* LYNoviceManualViewController.m */,
				69E2EE7924878FDE0001FFF2 /* LYSettingViewController.h */,
			);
			path = Controller;
			sourceTree = "<group>";
		};
		69E2EE7A24878FDE0001FFF2 /* View */ = {
			isa = PBXGroup;
			children = (
				69E2EE7B24878FDE0001FFF2 /* LYDIYCalendarCell.h */,
				69E2EE7C24878FDE0001FFF2 /* LYAboutUsInfoView.h */,
				69E2EE7D24878FDE0001FFF2 /* LYNoviceManualTableViewCell.h */,
				69E2EE7E24878FDE0001FFF2 /* LYPrivacyAgreementTableViewCell.h */,
				69E2EE7F24878FDE0001FFF2 /* LYAboutUsTableViewCell.m */,
				69E2EE8024878FDE0001FFF2 /* LYExportMoodBottomView.h */,
				69E2EE8124878FDE0001FFF2 /* LYPrivacyAgreementInfoView.h */,
				69E2EE8224878FDE0001FFF2 /* LYExportMoodHeaderView.m */,
				69E2EE8324878FDE0001FFF2 /* LYSettingTableViewCell.m */,
				69E2EE8424878FDE0001FFF2 /* LYAboutUsInfoView.m */,
				69E2EE8524878FDE0001FFF2 /* LYDIYCalendarCell.m */,
				69E2EE8624878FDE0001FFF2 /* LYNoviceManualTableViewCell.m */,
				69E2EE8724878FDF0001FFF2 /* LYExportMoodBottomView.m */,
				69E2EE8824878FDF0001FFF2 /* LYAboutUsTableViewCell.h */,
				69E2EE8924878FDF0001FFF2 /* LYPrivacyAgreementTableViewCell.m */,
				69E2EE8A24878FDF0001FFF2 /* LYSettingTableViewCell.h */,
				69E2EE8B24878FDF0001FFF2 /* LYPrivacyAgreementInfoView.m */,
				69E2EE8C24878FDF0001FFF2 /* LYExportMoodHeaderView.h */,
			);
			path = View;
			sourceTree = "<group>";
		};
		69E2EE9B248790130001FFF2 /* ModuleCategories */ = {
			isa = PBXGroup;
			children = (
				69E2EEA824879C0C0001FFF2 /* LYModuleCategoriesKit.h */,
				69E2EE9C248790130001FFF2 /* MoodDiary */,
				69E2EE9D248790130001FFF2 /* General */,
				69E2EE9E248790130001FFF2 /* WriteMood */,
			);
			path = ModuleCategories;
			sourceTree = "<group>";
		};
		69E2EE9C248790130001FFF2 /* MoodDiary */ = {
			isa = PBXGroup;
			children = (
			);
			path = MoodDiary;
			sourceTree = "<group>";
		};
		69E2EE9D248790130001FFF2 /* General */ = {
			isa = PBXGroup;
			children = (
				69E2EEA92487A0C90001FFF2 /* CTMediator+CTMediatorGeneralActions.h */,
				69E2EEAA2487A0C90001FFF2 /* CTMediator+CTMediatorGeneralActions.m */,
			);
			path = General;
			sourceTree = "<group>";
		};
		69E2EE9E248790130001FFF2 /* WriteMood */ = {
			isa = PBXGroup;
			children = (
			);
			path = WriteMood;
			sourceTree = "<group>";
		};
		69E2EE9F248794960001FFF2 /* Actions */ = {
			isa = PBXGroup;
			children = (
			);
			path = Actions;
			sourceTree = "<group>";
		};
		69E2EEA0248794A20001FFF2 /* Actions */ = {
			isa = PBXGroup;
			children = (
				69E2EEA2248794F10001FFF2 /* Target_General.h */,
				69E2EEA3248794F10001FFF2 /* Target_General.m */,
			);
			path = Actions;
			sourceTree = "<group>";
		};
		69E2EEA1248794B10001FFF2 /* Actions */ = {
			isa = PBXGroup;
			children = (
			);
			path = Actions;
			sourceTree = "<group>";
		};
		69E2EEB02488C8470001FFF2 /* Fonts */ = {
			isa = PBXGroup;
			children = (
				69E2EEB12488C8470001FFF2 /* Alibaba-PuHuiTi-Bold.otf */,
				69E2EEB22488C8470001FFF2 /* Alibaba-PuHuiTi-Light.otf */,
				69E2EEB32488C8470001FFF2 /* Alibaba-PuHuiTi-Medium.otf */,
				69E2EEB42488C8470001FFF2 /* Alibaba-PuHuiTi-Regular.otf */,
			);
			path = Fonts;
			sourceTree = "<group>";
		};
		8847CAF3C953983C83423804 /* Frameworks */ = {
			isa = PBXGroup;
			children = (
				CF432EB222A292E100ABD7E6 /* LocalAuthentication.framework */,
				CF40606121EB1C4F0059B790 /* libc++.tbd */,
				CF6C430621AE4752002287F9 /* UserNotifications.framework */,
				CF6C42F121AE354B002287F9 /* SystemConfiguration.framework */,
				CF6C42EF21AE353F002287F9 /* libsqlite3.tbd */,
				CF6C42ED21AE3536002287F9 /* libz.tbd */,
				CF6C42EB21AE3522002287F9 /* CoreTelephony.framework */,
				998E5F40CEF7D3827D2DA449 /* libPods-LYMoodDiaryMaker.a */,
			);
			name = Frameworks;
			sourceTree = "<group>";
		};
		CF3DF00B21F996AF000B8853 /* MoodDiary */ = {
			isa = PBXGroup;
			children = (
				69E2EEA1248794B10001FFF2 /* Actions */,
				CF3DF00C21F996AF000B8853 /* Controller */,
				CF3DF00D21F996AF000B8853 /* Model */,
				CF3DF00E21F996AF000B8853 /* View */,
			);
			path = MoodDiary;
			sourceTree = "<group>";
		};
		CF3DF00C21F996AF000B8853 /* Controller */ = {
			isa = PBXGroup;
			children = (
				CF3DF00F21F9AAB8000B8853 /* LYMoodDiaryHomePageController.h */,
				CF3DF01021F9AAB8000B8853 /* LYMoodDiaryHomePageController.m */,
				CF7C3265228C14D3003BF247 /* LYCalendarMoodViewController.h */,
				CF7C3266228C14D3003BF247 /* LYCalendarMoodViewController.m */,
				CFB96976228FFBA70027DEF8 /* LYMoodDiaryPreviewViewController.h */,
				CFB96977228FFBA70027DEF8 /* LYMoodDiaryPreviewViewController.m */,
			);
			path = Controller;
			sourceTree = "<group>";
		};
		CF3DF00D21F996AF000B8853 /* Model */ = {
			isa = PBXGroup;
			children = (
			);
			path = Model;
			sourceTree = "<group>";
		};
		CF3DF00E21F996AF000B8853 /* View */ = {
			isa = PBXGroup;
			children = (
				CF3DF01321F9AD68000B8853 /* LYHomePageMenuButton.h */,
				CF3DF01221F9AD68000B8853 /* LYHomePageMenuButton.m */,
				CF0BD6D822855CA800A3EECD /* LYMoodDiaryHomePageTableCell.h */,
				CF0BD6D922855CA800A3EECD /* LYMoodDiaryHomePageTableCell.m */,
				CF0BD6ED22857B6300A3EECD /* LYMoodDiaryHomePageHeaderView.h */,
				CF0BD6EE22857B6300A3EECD /* LYMoodDiaryHomePageHeaderView.m */,
				CF6C9F1B228AA11F00A003CF /* LYMoodDiaryHomePageToolBar.h */,
				CF6C9F1C228AA11F00A003CF /* LYMoodDiaryHomePageToolBar.m */,
				CF7C3268228CFA86003BF247 /* LYCalendarPickerMenu.h */,
				CF7C3269228CFA86003BF247 /* LYCalendarPickerMenu.m */,
				CFB96979228FFDE90027DEF8 /* LYMoodDiaryPreviewEmojiCell.h */,
				CFB9697A228FFDE90027DEF8 /* LYMoodDiaryPreviewEmojiCell.m */,
				CFB9697C228FFDFD0027DEF8 /* LYMoodDiaryPreviewTextCell.h */,
				CFB9697D228FFDFD0027DEF8 /* LYMoodDiaryPreviewTextCell.m */,
			);
			path = View;
			sourceTree = "<group>";
		};
		CF432E6622A0BB1500ABD7E6 /* General */ = {
			isa = PBXGroup;
			children = (
				69E2EEA0248794A20001FFF2 /* Actions */,
				69E2EE6E24878FDE0001FFF2 /* Setting */,
				CF432E6722A0BB1500ABD7E6 /* Controller */,
				CF432E6922A0BB1500ABD7E6 /* View */,
			);
			path = General;
			sourceTree = "<group>";
		};
		CF432E6722A0BB1500ABD7E6 /* Controller */ = {
			isa = PBXGroup;
			children = (
				CF432E6E22A0BB6A00ABD7E6 /* LYGeneralViewController.h */,
				CF432E6D22A0BB6A00ABD7E6 /* LYGeneralViewController.m */,
				CF432E7622A16C4600ABD7E6 /* LYGeneraPasscodeViewController.h */,
				CF432E7722A16C4600ABD7E6 /* LYGeneraPasscodeViewController.m */,
				CF432EAF22A2626500ABD7E6 /* LYCustomPasscodeViewController.h */,
				CF432EB022A2626500ABD7E6 /* LYCustomPasscodeViewController.m */,
				CF9DA42422A605D20097D6A4 /* LYGeneralLanguageController.h */,
				CF9DA42522A605D20097D6A4 /* LYGeneralLanguageController.m */,
				CFF16FFE22C06B9800916DBE /* LYGenneralSearchViewController.h */,
				CFF16FFF22C06B9800916DBE /* LYGenneralSearchViewController.m */,
			);
			path = Controller;
			sourceTree = "<group>";
		};
		CF432E6922A0BB1500ABD7E6 /* View */ = {
			isa = PBXGroup;
			children = (
				CF432EA322A22C0600ABD7E6 /* LYGeneralPasscodeCell.h */,
				CF432EA422A22C0600ABD7E6 /* LYGeneralPasscodeCell.m */,
				CF432EA622A230CD00ABD7E6 /* LYGeneralPasscodeSectionHeader.h */,
				CF432EA722A230CE00ABD7E6 /* LYGeneralPasscodeSectionHeader.m */,
				CF9DA42722A606960097D6A4 /* LYGeneralLanguageCell.h */,
				CF9DA42822A606960097D6A4 /* LYGeneralLanguageCell.m */,
				CFF1700E22C0773200916DBE /* LYGenneralSearchNavigationView.h */,
				CFF1700F22C0773200916DBE /* LYGenneralSearchNavigationView.m */,
			);
			path = View;
			sourceTree = "<group>";
		};
		CF6C42E321AE334B002287F9 /* Other */ = {
			isa = PBXGroup;
			children = (
				69E2EEB02488C8470001FFF2 /* Fonts */,
				6923A7FA248777AF00511FC6 /* Category */,
				6923A7F5248777AF00511FC6 /* File */,
				6923A7FF248777AF00511FC6 /* SGEasyButton */,
				CF6C430B21AE69D6002287F9 /* Resource */,
			);
			path = Other;
			sourceTree = "<group>";
		};
		CF6C430B21AE69D6002287F9 /* Resource */ = {
			isa = PBXGroup;
			children = (
				CF6C430C21AE69D6002287F9 /* LYResources.bundle */,
			);
			path = Resource;
			sourceTree = "<group>";
		};
		CF6C430E21AE6AC0002287F9 /* LYTabbarControllerConfig */ = {
			isa = PBXGroup;
			children = (
				CF6C431021AE6AD4002287F9 /* LYTabBarControllerConfig.h */,
				CF6C430F21AE6AD3002287F9 /* LYTabBarControllerConfig.m */,
			);
			path = LYTabbarControllerConfig;
			sourceTree = "<group>";
		};
		CFB6D8AB22896EE500590286 /* WriteMood */ = {
			isa = PBXGroup;
			children = (
				69E2EE9F248794960001FFF2 /* Actions */,
				CFB6D8AC22896EE500590286 /* Controller */,
				CFB6D8AD22896EE500590286 /* Model */,
				CFB6D8AE22896EE500590286 /* View */,
			);
			path = WriteMood;
			sourceTree = "<group>";
		};
		CFB6D8AC22896EE500590286 /* Controller */ = {
			isa = PBXGroup;
			children = (
				CFB6D8AF22896F0300590286 /* LYWriteMoodDiaryViewController.h */,
				CFB6D8B022896F0300590286 /* LYWriteMoodDiaryViewController.m */,
			);
			path = Controller;
			sourceTree = "<group>";
		};
		CFB6D8AD22896EE500590286 /* Model */ = {
			isa = PBXGroup;
			children = (
			);
			path = Model;
			sourceTree = "<group>";
		};
		CFB6D8AE22896EE500590286 /* View */ = {
			isa = PBXGroup;
			children = (
				CF6C9F2A228BAEB300A003CF /* LYWriteMoodDiaryAddEmojiCell.h */,
				CF6C9F2B228BAEB300A003CF /* LYWriteMoodDiaryAddEmojiCell.m */,
				CFB6D8B2228976F100590286 /* LYWriteMoodDiaryTableCell.h */,
				CFB6D8B3228976F100590286 /* LYWriteMoodDiaryTableCell.m */,
				CFF1701122C079A600916DBE /* LYWriteMoodDiaryGuideView.h */,
				CFF1701222C079A600916DBE /* LYWriteMoodDiaryGuideView.m */,
			);
			path = View;
			sourceTree = "<group>";
		};
		CFDB564E2125172E00501905 = {
			isa = PBXGroup;
			children = (
				CFDB56592125172E00501905 /* LYMoodDiaryMaker */,
				CFDB56722125173200501905 /* LYMoodDiaryMakerTests */,
				CFDB567D2125173200501905 /* LYMoodDiaryMakerUITests */,
				CFDB56582125172E00501905 /* Products */,
				64D699DE14FA7ACFFEA3565A /* Pods */,
				8847CAF3C953983C83423804 /* Frameworks */,
			);
			sourceTree = "<group>";
		};
		CFDB56582125172E00501905 /* Products */ = {
			isa = PBXGroup;
			children = (
				CFDB56572125172E00501905 /* LYMoodDiaryMaker.app */,
				CFDB566F2125173200501905 /* LYMoodDiaryMakerTests.xctest */,
				CFDB567A2125173200501905 /* LYMoodDiaryMakerUITests.xctest */,
			);
			name = Products;
			sourceTree = "<group>";
		};
		CFDB56592125172E00501905 /* LYMoodDiaryMaker */ = {
			isa = PBXGroup;
			children = (
				CF6C430521AE4731002287F9 /* LYMoodDiaryMaker.entitlements */,
				CFDB56972125210E00501905 /* Classes */,
				CFDB56932125202600501905 /* LYMoodDiaryMakerPrefixHeader.pch */,
				CF9DA41922A51E1C0097D6A4 /* Localizable.strings */,
				CFDB56632125173200501905 /* Assets.xcassets */,
				CFDB56682125173200501905 /* Info.plist */,
				CFDB56692125173200501905 /* main.m */,
			);
			path = LYMoodDiaryMaker;
			sourceTree = "<group>";
		};
		CFDB56722125173200501905 /* LYMoodDiaryMakerTests */ = {
			isa = PBXGroup;
			children = (
				CFDB56752125173200501905 /* Info.plist */,
			);
			path = LYMoodDiaryMakerTests;
			sourceTree = "<group>";
		};
		CFDB567D2125173200501905 /* LYMoodDiaryMakerUITests */ = {
			isa = PBXGroup;
			children = (
				CFDB56802125173200501905 /* Info.plist */,
			);
			path = LYMoodDiaryMakerUITests;
			sourceTree = "<group>";
		};
		CFDB56972125210E00501905 /* Classes */ = {
			isa = PBXGroup;
			children = (
				69E2EE9B248790130001FFF2 /* ModuleCategories */,
				CF432E6622A0BB1500ABD7E6 /* General */,
				CFB6D8AB22896EE500590286 /* WriteMood */,
				CF3DF00B21F996AF000B8853 /* MoodDiary */,
				CF6C42E321AE334B002287F9 /* Other */,
				CFDB569D2125210E00501905 /* Main */,
			);
			path = Classes;
			sourceTree = "<group>";
		};
		CFDB569D2125210E00501905 /* Main */ = {
			isa = PBXGroup;
			children = (
				CF6C430E21AE6AC0002287F9 /* LYTabbarControllerConfig */,
				CFDB569E2125210E00501905 /* Controller */,
				CFDB56A02125210E00501905 /* View */,
			);
			path = Main;
			sourceTree = "<group>";
		};
		CFDB569E2125210E00501905 /* Controller */ = {
			isa = PBXGroup;
			children = (
				CFDB56AB212521A300501905 /* LYTabbarViewController.h */,
				CFDB56AC212521A300501905 /* LYTabbarViewController.m */,
				CF432E7322A11C3C00ABD7E6 /* LYMainRootViewController.h */,
				CF432E7422A11C3C00ABD7E6 /* LYMainRootViewController.m */,
			);
			path = Controller;
			sourceTree = "<group>";
		};
		CFDB56A02125210E00501905 /* View */ = {
			isa = PBXGroup;
			children = (
				CF85771E229FC35C0065409B /* LYTabbarPlusButton.h */,
				CF85771F229FC35C0065409B /* LYTabbarPlusButton.m */,
			);
			path = View;
			sourceTree = "<group>";
		};
/* End PBXGroup section */

/* Begin PBXNativeTarget section */
		CFDB56562125172E00501905 /* LYMoodDiaryMaker */ = {
			isa = PBXNativeTarget;
			buildConfigurationList = CFDB56832125173200501905 /* Build configuration list for PBXNativeTarget "LYMoodDiaryMaker" */;
			buildPhases = (
				3B2B6A1487D0437081372A7A /* [CP] Check Pods Manifest.lock */,
				CFDB56532125172E00501905 /* Sources */,
				CFDB56542125172E00501905 /* Frameworks */,
				CFDB56552125172E00501905 /* Resources */,
				C1A41B56622DEB665C138196 /* [CP] Copy Pods Resources */,
				E6E2E9DC22E8523100074BA1 /* ShellScript */,
			);
			buildRules = (
			);
			dependencies = (
			);
			name = LYMoodDiaryMaker;
			productName = LYWeChatMaker;
			productReference = CFDB56572125172E00501905 /* LYMoodDiaryMaker.app */;
			productType = "com.apple.product-type.application";
		};
		CFDB566E2125173200501905 /* LYMoodDiaryMakerTests */ = {
			isa = PBXNativeTarget;
			buildConfigurationList = CFDB56862125173200501905 /* Build configuration list for PBXNativeTarget "LYMoodDiaryMakerTests" */;
			buildPhases = (
				CFDB566B2125173200501905 /* Sources */,
				CFDB566C2125173200501905 /* Frameworks */,
				CFDB566D2125173200501905 /* Resources */,
			);
			buildRules = (
			);
			dependencies = (
				CFDB56712125173200501905 /* PBXTargetDependency */,
			);
			name = LYMoodDiaryMakerTests;
			productName = LYWeChatMakerTests;
			productReference = CFDB566F2125173200501905 /* LYMoodDiaryMakerTests.xctest */;
			productType = "com.apple.product-type.bundle.unit-test";
		};
		CFDB56792125173200501905 /* LYMoodDiaryMakerUITests */ = {
			isa = PBXNativeTarget;
			buildConfigurationList = CFDB56892125173200501905 /* Build configuration list for PBXNativeTarget "LYMoodDiaryMakerUITests" */;
			buildPhases = (
				CFDB56762125173200501905 /* Sources */,
				CFDB56772125173200501905 /* Frameworks */,
				CFDB56782125173200501905 /* Resources */,
			);
			buildRules = (
			);
			dependencies = (
				CFDB567C2125173200501905 /* PBXTargetDependency */,
			);
			name = LYMoodDiaryMakerUITests;
			productName = LYWeChatMakerUITests;
			productReference = CFDB567A2125173200501905 /* LYMoodDiaryMakerUITests.xctest */;
			productType = "com.apple.product-type.bundle.ui-testing";
		};
/* End PBXNativeTarget section */

/* Begin PBXProject section */
		CFDB564F2125172E00501905 /* Project object */ = {
			isa = PBXProject;
			attributes = {
				LastUpgradeCheck = 0940;
				ORGANIZATIONNAME = LYoung_iOS;
				TargetAttributes = {
					CFDB56562125172E00501905 = {
						CreatedOnToolsVersion = 9.4;
						SystemCapabilities = {
							com.apple.BackgroundModes = {
								enabled = 1;
							};
							com.apple.Push = {
								enabled = 1;
							};
						};
					};
					CFDB566E2125173200501905 = {
						CreatedOnToolsVersion = 9.4;
						TestTargetID = CFDB56562125172E00501905;
					};
					CFDB56792125173200501905 = {
						CreatedOnToolsVersion = 9.4;
						TestTargetID = CFDB56562125172E00501905;
					};
				};
			};
			buildConfigurationList = CFDB56522125172E00501905 /* Build configuration list for PBXProject "LYMoodDiaryMaker" */;
			compatibilityVersion = "Xcode 9.3";
			developmentRegion = en;
			hasScannedForEncodings = 0;
			knownRegions = (
				en,
				Base,
				"zh-Hans",
				ja,
				ko,
				fr,
			);
			mainGroup = CFDB564E2125172E00501905;
			productRefGroup = CFDB56582125172E00501905 /* Products */;
			projectDirPath = "";
			projectRoot = "";
			targets = (
				CFDB56562125172E00501905 /* LYMoodDiaryMaker */,
				CFDB566E2125173200501905 /* LYMoodDiaryMakerTests */,
				CFDB56792125173200501905 /* LYMoodDiaryMakerUITests */,
			);
		};
/* End PBXProject section */

/* Begin PBXResourcesBuildPhase section */
		CFDB56552125172E00501905 /* Resources */ = {
			isa = PBXResourcesBuildPhase;
			buildActionMask = 2147483647;
			files = (
				69E2EEB82488C8470001FFF2 /* Alibaba-PuHuiTi-Regular.otf in Resources */,
				69E2EEB72488C8470001FFF2 /* Alibaba-PuHuiTi-Medium.otf in Resources */,
				CF6C430D21AE69D6002287F9 /* LYResources.bundle in Resources */,
				69E2EEB62488C8470001FFF2 /* Alibaba-PuHuiTi-Light.otf in Resources */,
				CF9DA41722A51E1C0097D6A4 /* Localizable.strings in Resources */,
				69E2EEB52488C8470001FFF2 /* Alibaba-PuHuiTi-Bold.otf in Resources */,
				CFDB56642125173200501905 /* Assets.xcassets in Resources */,
			);
			runOnlyForDeploymentPostprocessing = 0;
		};
		CFDB566D2125173200501905 /* Resources */ = {
			isa = PBXResourcesBuildPhase;
			buildActionMask = 2147483647;
			files = (
			);
			runOnlyForDeploymentPostprocessing = 0;
		};
		CFDB56782125173200501905 /* Resources */ = {
			isa = PBXResourcesBuildPhase;
			buildActionMask = 2147483647;
			files = (
			);
			runOnlyForDeploymentPostprocessing = 0;
		};
/* End PBXResourcesBuildPhase section */

/* Begin PBXShellScriptBuildPhase section */
		3B2B6A1487D0437081372A7A /* [CP] Check Pods Manifest.lock */ = {
			isa = PBXShellScriptBuildPhase;
			buildActionMask = 2147483647;
			files = (
			);
			inputPaths = (
				"${PODS_PODFILE_DIR_PATH}/Podfile.lock",
				"${PODS_ROOT}/Manifest.lock",
			);
			name = "[CP] Check Pods Manifest.lock";
			outputPaths = (
				"$(DERIVED_FILE_DIR)/Pods-LYMoodDiaryMaker-checkManifestLockResult.txt",
			);
			runOnlyForDeploymentPostprocessing = 0;
			shellPath = /bin/sh;
			shellScript = "diff \"${PODS_PODFILE_DIR_PATH}/Podfile.lock\" \"${PODS_ROOT}/Manifest.lock\" > /dev/null\nif [ $? != 0 ] ; then\n    # print error to STDERR\n    echo \"error: The sandbox is not in sync with the Podfile.lock. Run 'pod install' or update your CocoaPods installation.\" >&2\n    exit 1\nfi\n# This output is used by Xcode 'outputs' to avoid re-running this script phase.\necho \"SUCCESS\" > \"${SCRIPT_OUTPUT_FILE_0}\"\n";
			showEnvVarsInLog = 0;
		};
		C1A41B56622DEB665C138196 /* [CP] Copy Pods Resources */ = {
			isa = PBXShellScriptBuildPhase;
			buildActionMask = 2147483647;
			files = (
			);
			inputFileListPaths = (
				"${PODS_ROOT}/Target Support Files/Pods-LYMoodDiaryMaker/Pods-LYMoodDiaryMaker-resources-${CONFIGURATION}-input-files.xcfilelist",
			);
			name = "[CP] Copy Pods Resources";
			outputFileListPaths = (
				"${PODS_ROOT}/Target Support Files/Pods-LYMoodDiaryMaker/Pods-LYMoodDiaryMaker-resources-${CONFIGURATION}-output-files.xcfilelist",
			);
			runOnlyForDeploymentPostprocessing = 0;
			shellPath = /bin/sh;
			shellScript = "\"${PODS_ROOT}/Target Support Files/Pods-LYMoodDiaryMaker/Pods-LYMoodDiaryMaker-resources.sh\"\n";
			showEnvVarsInLog = 0;
		};
		E6E2E9DC22E8523100074BA1 /* ShellScript */ = {
			isa = PBXShellScriptBuildPhase;
			buildActionMask = 2147483647;
			files = (
			);
			inputFileListPaths = (
			);
			inputPaths = (
			);
			outputFileListPaths = (
			);
			outputPaths = (
			);
			runOnlyForDeploymentPostprocessing = 0;
			shellPath = /bin/sh;
			shellScript = "# Type a script or drag a script file from your workspace to insert its path.\n";
			showEnvVarsInLog = 0;
		};
/* End PBXShellScriptBuildPhase section */

/* Begin PBXSourcesBuildPhase section */
		CFDB56532125172E00501905 /* Sources */ = {
			isa = PBXSourcesBuildPhase;
			buildActionMask = 2147483647;
			files = (
				69E2EE9924878FDF0001FFF2 /* LYPrivacyAgreementTableViewCell.m in Sources */,
				CF6C9F1D228AA11F00A003CF /* LYMoodDiaryHomePageToolBar.m in Sources */,
				69E2EE9A24878FDF0001FFF2 /* LYPrivacyAgreementInfoView.m in Sources */,
				6923A807248777AF00511FC6 /* AppDelegate+UMSocial.m in Sources */,
				CF6C431121AE6AD4002287F9 /* LYTabBarControllerConfig.m in Sources */,
				69E2EE8F24878FDF0001FFF2 /* LYPrivacyAgreementViewController.m in Sources */,
				69E2EE9424878FDF0001FFF2 /* LYSettingTableViewCell.m in Sources */,
				CF0BD6DA22855CA800A3EECD /* LYMoodDiaryHomePageTableCell.m in Sources */,
				CF7C3267228C14D3003BF247 /* LYCalendarMoodViewController.m in Sources */,
				CF9DA42622A605D20097D6A4 /* LYGeneralLanguageController.m in Sources */,
				CFB9697B228FFDE90027DEF8 /* LYMoodDiaryPreviewEmojiCell.m in Sources */,
				6923A80C248777AF00511FC6 /* UIButton+SGImagePosition.m in Sources */,
				CF857720229FC35C0065409B /* LYTabbarPlusButton.m in Sources */,
				CFB9697E228FFDFD0027DEF8 /* LYMoodDiaryPreviewTextCell.m in Sources */,
				CF432EA822A230CE00ABD7E6 /* LYGeneralPasscodeSectionHeader.m in Sources */,
				CF432E7822A16C4700ABD7E6 /* LYGeneraPasscodeViewController.m in Sources */,
				CF3DF01421F9AD68000B8853 /* LYHomePageMenuButton.m in Sources */,
				CFF1700022C06B9800916DBE /* LYGenneralSearchViewController.m in Sources */,
				69E2EE9224878FDF0001FFF2 /* LYAboutUsTableViewCell.m in Sources */,
				69E2EE9124878FDF0001FFF2 /* LYNoviceManualViewController.m in Sources */,
				6923A809248777AF00511FC6 /* UIControl+LYUMTrack.m in Sources */,
				CFDB566A2125173200501905 /* main.m in Sources */,
				69E2EEAB2487A0C90001FFF2 /* CTMediator+CTMediatorGeneralActions.m in Sources */,
				6923A80A248777AF00511FC6 /* UIViewController+LYUMTrack.m in Sources */,
				6923A808248777AF00511FC6 /* AppDelegate.m in Sources */,
				CFB6D8B122896F0300590286 /* LYWriteMoodDiaryViewController.m in Sources */,
				CF432E7522A11C3C00ABD7E6 /* LYMainRootViewController.m in Sources */,
				CFB6D8B4228976F100590286 /* LYWriteMoodDiaryTableCell.m in Sources */,
				CF0BD6EF22857B6300A3EECD /* LYMoodDiaryHomePageHeaderView.m in Sources */,
				69E2EE9324878FDF0001FFF2 /* LYExportMoodHeaderView.m in Sources */,
				CFB96978228FFBA70027DEF8 /* LYMoodDiaryPreviewViewController.m in Sources */,
				CF432E6F22A0BB6A00ABD7E6 /* LYGeneralViewController.m in Sources */,
				6923A80D248777AF00511FC6 /* UIButton+SGEvent.m in Sources */,
				69E2EE8D24878FDF0001FFF2 /* LYSettingViewController.m in Sources */,
				69E2EE9624878FDF0001FFF2 /* LYDIYCalendarCell.m in Sources */,
				69E2EE9724878FDF0001FFF2 /* LYNoviceManualTableViewCell.m in Sources */,
				CF6C9F2C228BAEB300A003CF /* LYWriteMoodDiaryAddEmojiCell.m in Sources */,
				CFDB56AD212521A300501905 /* LYTabbarViewController.m in Sources */,
				69E2EE9024878FDF0001FFF2 /* LYAboutUsViewController.m in Sources */,
				69E2EE8E24878FDF0001FFF2 /* LYExportMoodViewController.m in Sources */,
				CF7C326A228CFA86003BF247 /* LYCalendarPickerMenu.m in Sources */,
				CF3DF01121F9AAB8000B8853 /* LYMoodDiaryHomePageController.m in Sources */,
				CFF1701322C079A600916DBE /* LYWriteMoodDiaryGuideView.m in Sources */,
				CF432EA522A22C0600ABD7E6 /* LYGeneralPasscodeCell.m in Sources */,
				69E2EE9824878FDF0001FFF2 /* LYExportMoodBottomView.m in Sources */,
				6923A80B248777AF00511FC6 /* UIButton+SGCountdown.m in Sources */,
				CF9DA42922A606960097D6A4 /* LYGeneralLanguageCell.m in Sources */,
				CFF1701022C0773200916DBE /* LYGenneralSearchNavigationView.m in Sources */,
				CF432EB122A2626500ABD7E6 /* LYCustomPasscodeViewController.m in Sources */,
				69E2EE9524878FDF0001FFF2 /* LYAboutUsInfoView.m in Sources */,
				69E2EEA4248794F10001FFF2 /* Target_General.m in Sources */,
			);
			runOnlyForDeploymentPostprocessing = 0;
		};
		CFDB566B2125173200501905 /* Sources */ = {
			isa = PBXSourcesBuildPhase;
			buildActionMask = 2147483647;
			files = (
			);
			runOnlyForDeploymentPostprocessing = 0;
		};
		CFDB56762125173200501905 /* Sources */ = {
			isa = PBXSourcesBuildPhase;
			buildActionMask = 2147483647;
			files = (
			);
			runOnlyForDeploymentPostprocessing = 0;
		};
/* End PBXSourcesBuildPhase section */

/* Begin PBXTargetDependency section */
		CFDB56712125173200501905 /* PBXTargetDependency */ = {
			isa = PBXTargetDependency;
			target = CFDB56562125172E00501905 /* LYMoodDiaryMaker */;
			targetProxy = CFDB56702125173200501905 /* PBXContainerItemProxy */;
		};
		CFDB567C2125173200501905 /* PBXTargetDependency */ = {
			isa = PBXTargetDependency;
			target = CFDB56562125172E00501905 /* LYMoodDiaryMaker */;
			targetProxy = CFDB567B2125173200501905 /* PBXContainerItemProxy */;
		};
/* End PBXTargetDependency section */

/* Begin PBXVariantGroup section */
		CF9DA41922A51E1C0097D6A4 /* Localizable.strings */ = {
			isa = PBXVariantGroup;
			children = (
				CF9DA41822A51E1C0097D6A4 /* en */,
				CF9DA41A22A51E270097D6A4 /* zh-Hans */,
				CF9DA41B22A51E370097D6A4 /* ja */,
				CF9DA41C22A51E390097D6A4 /* fr */,
				CF9DA41D22A51E3E0097D6A4 /* ko */,
			);
			name = Localizable.strings;
			sourceTree = "<group>";
		};
/* End PBXVariantGroup section */

/* Begin XCBuildConfiguration section */
		CFDB56812125173200501905 /* Debug */ = {
			isa = XCBuildConfiguration;
			buildSettings = {
				ALWAYS_SEARCH_USER_PATHS = NO;
				CLANG_ANALYZER_LOCALIZABILITY_NONLOCALIZED = YES;
				CLANG_ANALYZER_NONNULL = YES;
				CLANG_ANALYZER_NUMBER_OBJECT_CONVERSION = YES_AGGRESSIVE;
				CLANG_CXX_LANGUAGE_STANDARD = "gnu++14";
				CLANG_CXX_LIBRARY = "libc++";
				CLANG_ENABLE_MODULES = YES;
				CLANG_ENABLE_OBJC_ARC = YES;
				CLANG_ENABLE_OBJC_WEAK = YES;
				CLANG_WARN_BLOCK_CAPTURE_AUTORELEASING = YES;
				CLANG_WARN_BOOL_CONVERSION = YES;
				CLANG_WARN_COMMA = YES;
				CLANG_WARN_CONSTANT_CONVERSION = YES;
				CLANG_WARN_DEPRECATED_OBJC_IMPLEMENTATIONS = YES;
				CLANG_WARN_DIRECT_OBJC_ISA_USAGE = YES_ERROR;
				CLANG_WARN_DOCUMENTATION_COMMENTS = YES;
				CLANG_WARN_EMPTY_BODY = YES;
				CLANG_WARN_ENUM_CONVERSION = YES;
				CLANG_WARN_INFINITE_RECURSION = YES;
				CLANG_WARN_INT_CONVERSION = YES;
				CLANG_WARN_NON_LITERAL_NULL_CONVERSION = YES;
				CLANG_WARN_OBJC_IMPLICIT_RETAIN_SELF = YES;
				CLANG_WARN_OBJC_LITERAL_CONVERSION = YES;
				CLANG_WARN_OBJC_ROOT_CLASS = YES_ERROR;
				CLANG_WARN_RANGE_LOOP_ANALYSIS = YES;
				CLANG_WARN_STRICT_PROTOTYPES = YES;
				CLANG_WARN_SUSPICIOUS_MOVE = YES;
				CLANG_WARN_UNGUARDED_AVAILABILITY = YES_AGGRESSIVE;
				CLANG_WARN_UNREACHABLE_CODE = YES;
				CLANG_WARN__DUPLICATE_METHOD_MATCH = YES;
				CODE_SIGN_IDENTITY = "iPhone Developer";
				COPY_PHASE_STRIP = NO;
				DEBUG_INFORMATION_FORMAT = dwarf;
				ENABLE_STRICT_OBJC_MSGSEND = YES;
				ENABLE_TESTABILITY = YES;
				GCC_C_LANGUAGE_STANDARD = gnu11;
				GCC_DYNAMIC_NO_PIC = NO;
				GCC_NO_COMMON_BLOCKS = YES;
				GCC_OPTIMIZATION_LEVEL = 0;
				GCC_PREPROCESSOR_DEFINITIONS = (
					"DEBUG=1",
					"$(inherited)",
				);
				GCC_WARN_64_TO_32_BIT_CONVERSION = YES;
				GCC_WARN_ABOUT_RETURN_TYPE = YES_ERROR;
				GCC_WARN_UNDECLARED_SELECTOR = YES;
				GCC_WARN_UNINITIALIZED_AUTOS = YES_AGGRESSIVE;
				GCC_WARN_UNUSED_FUNCTION = YES;
				GCC_WARN_UNUSED_VARIABLE = YES;
				IPHONEOS_DEPLOYMENT_TARGET = 11.4;
				MTL_ENABLE_DEBUG_INFO = YES;
				ONLY_ACTIVE_ARCH = YES;
				SDKROOT = iphoneos;
			};
			name = Debug;
		};
		CFDB56822125173200501905 /* Release */ = {
			isa = XCBuildConfiguration;
			buildSettings = {
				ALWAYS_SEARCH_USER_PATHS = NO;
				CLANG_ANALYZER_LOCALIZABILITY_NONLOCALIZED = YES;
				CLANG_ANALYZER_NONNULL = YES;
				CLANG_ANALYZER_NUMBER_OBJECT_CONVERSION = YES_AGGRESSIVE;
				CLANG_CXX_LANGUAGE_STANDARD = "gnu++14";
				CLANG_CXX_LIBRARY = "libc++";
				CLANG_ENABLE_MODULES = YES;
				CLANG_ENABLE_OBJC_ARC = YES;
				CLANG_ENABLE_OBJC_WEAK = YES;
				CLANG_WARN_BLOCK_CAPTURE_AUTORELEASING = YES;
				CLANG_WARN_BOOL_CONVERSION = YES;
				CLANG_WARN_COMMA = YES;
				CLANG_WARN_CONSTANT_CONVERSION = YES;
				CLANG_WARN_DEPRECATED_OBJC_IMPLEMENTATIONS = YES;
				CLANG_WARN_DIRECT_OBJC_ISA_USAGE = YES_ERROR;
				CLANG_WARN_DOCUMENTATION_COMMENTS = YES;
				CLANG_WARN_EMPTY_BODY = YES;
				CLANG_WARN_ENUM_CONVERSION = YES;
				CLANG_WARN_INFINITE_RECURSION = YES;
				CLANG_WARN_INT_CONVERSION = YES;
				CLANG_WARN_NON_LITERAL_NULL_CONVERSION = YES;
				CLANG_WARN_OBJC_IMPLICIT_RETAIN_SELF = YES;
				CLANG_WARN_OBJC_LITERAL_CONVERSION = YES;
				CLANG_WARN_OBJC_ROOT_CLASS = YES_ERROR;
				CLANG_WARN_RANGE_LOOP_ANALYSIS = YES;
				CLANG_WARN_STRICT_PROTOTYPES = YES;
				CLANG_WARN_SUSPICIOUS_MOVE = YES;
				CLANG_WARN_UNGUARDED_AVAILABILITY = YES_AGGRESSIVE;
				CLANG_WARN_UNREACHABLE_CODE = YES;
				CLANG_WARN__DUPLICATE_METHOD_MATCH = YES;
				CODE_SIGN_IDENTITY = "iPhone Developer";
				COPY_PHASE_STRIP = NO;
				DEBUG_INFORMATION_FORMAT = "dwarf-with-dsym";
				ENABLE_NS_ASSERTIONS = NO;
				ENABLE_STRICT_OBJC_MSGSEND = YES;
				GCC_C_LANGUAGE_STANDARD = gnu11;
				GCC_NO_COMMON_BLOCKS = YES;
				GCC_WARN_64_TO_32_BIT_CONVERSION = YES;
				GCC_WARN_ABOUT_RETURN_TYPE = YES_ERROR;
				GCC_WARN_UNDECLARED_SELECTOR = YES;
				GCC_WARN_UNINITIALIZED_AUTOS = YES_AGGRESSIVE;
				GCC_WARN_UNUSED_FUNCTION = YES;
				GCC_WARN_UNUSED_VARIABLE = YES;
				IPHONEOS_DEPLOYMENT_TARGET = 11.4;
				MTL_ENABLE_DEBUG_INFO = NO;
				SDKROOT = iphoneos;
				VALIDATE_PRODUCT = YES;
			};
			name = Release;
		};
		CFDB56842125173200501905 /* Debug */ = {
			isa = XCBuildConfiguration;
			baseConfigurationReference = 2AF2A6FA2A22585A7516C8AC /* Pods-LYMoodDiaryMaker.debug.xcconfig */;
			buildSettings = {
				ASSETCATALOG_COMPILER_APPICON_NAME = AppIcon;
				ASSETCATALOG_COMPILER_LAUNCHIMAGE_NAME = LaunchImage;
				CODE_SIGN_ENTITLEMENTS = LYMoodDiaryMaker/LYMoodDiaryMaker.entitlements;
				CODE_SIGN_STYLE = Automatic;
				DEVELOPMENT_TEAM = 7KFUMX8335;
				FRAMEWORK_SEARCH_PATHS = (
					"$(inherited)",
					"$(PROJECT_DIR)/flutter_module/.ios/Flutter",
					"$(PROJECT_DIR)/flutter_module/.ios/Flutter/engine",
				);
				GCC_PREFIX_HEADER = "$(SRCROOT)/LYMoodDiaryMaker/LYMoodDiaryMakerPrefixHeader.pch";
				INFOPLIST_FILE = "$(SRCROOT)/LYMoodDiaryMaker/Info.plist";
				IPHONEOS_DEPLOYMENT_TARGET = 9.0;
				LD_RUNPATH_SEARCH_PATHS = (
					"$(inherited)",
					"@executable_path/Frameworks",
				);
				PRODUCT_BUNDLE_IDENTIFIER = com.LYoung.MoodDiaryMaker;
				PRODUCT_NAME = "$(TARGET_NAME)";
				TARGETED_DEVICE_FAMILY = 1;
			};
			name = Debug;
		};
		CFDB56852125173200501905 /* Release */ = {
			isa = XCBuildConfiguration;
			baseConfigurationReference = 617F7AFE5CE82ECFF58486CD /* Pods-LYMoodDiaryMaker.release.xcconfig */;
			buildSettings = {
				ASSETCATALOG_COMPILER_APPICON_NAME = AppIcon;
				ASSETCATALOG_COMPILER_LAUNCHIMAGE_NAME = LaunchImage;
				CODE_SIGN_ENTITLEMENTS = LYMoodDiaryMaker/LYMoodDiaryMaker.entitlements;
				CODE_SIGN_STYLE = Automatic;
				DEVELOPMENT_TEAM = 7KFUMX8335;
				FRAMEWORK_SEARCH_PATHS = (
					"$(inherited)",
					"$(PROJECT_DIR)/flutter_module/.ios/Flutter",
					"$(PROJECT_DIR)/flutter_module/.ios/Flutter/engine",
				);
				GCC_PREFIX_HEADER = "$(SRCROOT)/LYMoodDiaryMaker/LYMoodDiaryMakerPrefixHeader.pch";
				INFOPLIST_FILE = "$(SRCROOT)/LYMoodDiaryMaker/Info.plist";
				IPHONEOS_DEPLOYMENT_TARGET = 9.0;
				LD_RUNPATH_SEARCH_PATHS = (
					"$(inherited)",
					"@executable_path/Frameworks",
				);
				PRODUCT_BUNDLE_IDENTIFIER = com.LYoung.MoodDiaryMaker;
				PRODUCT_NAME = "$(TARGET_NAME)";
				TARGETED_DEVICE_FAMILY = 1;
			};
			name = Release;
		};
		CFDB56872125173200501905 /* Debug */ = {
			isa = XCBuildConfiguration;
			buildSettings = {
				BUNDLE_LOADER = "$(TEST_HOST)";
				CODE_SIGN_STYLE = Automatic;
				DEVELOPMENT_TEAM = "";
				INFOPLIST_FILE = LYMoodDiaryMakerTests/Info.plist;
				LD_RUNPATH_SEARCH_PATHS = (
					"$(inherited)",
					"@executable_path/Frameworks",
					"@loader_path/Frameworks",
				);
				PRODUCT_BUNDLE_IDENTIFIER = LY.LYMoodDiaryMakerTests;
				PRODUCT_NAME = "$(TARGET_NAME)";
				TARGETED_DEVICE_FAMILY = "1,2";
				TEST_HOST = "$(BUILT_PRODUCTS_DIR)/LYMoodDiaryMaker.app/LYMoodDiaryMaker";
			};
			name = Debug;
		};
		CFDB56882125173200501905 /* Release */ = {
			isa = XCBuildConfiguration;
			buildSettings = {
				BUNDLE_LOADER = "$(TEST_HOST)";
				CODE_SIGN_STYLE = Automatic;
				DEVELOPMENT_TEAM = "";
				INFOPLIST_FILE = LYMoodDiaryMakerTests/Info.plist;
				LD_RUNPATH_SEARCH_PATHS = (
					"$(inherited)",
					"@executable_path/Frameworks",
					"@loader_path/Frameworks",
				);
				PRODUCT_BUNDLE_IDENTIFIER = LY.LYMoodDiaryMakerTests;
				PRODUCT_NAME = "$(TARGET_NAME)";
				TARGETED_DEVICE_FAMILY = "1,2";
				TEST_HOST = "$(BUILT_PRODUCTS_DIR)/LYMoodDiaryMaker.app/LYMoodDiaryMaker";
			};
			name = Release;
		};
		CFDB568A2125173200501905 /* Debug */ = {
			isa = XCBuildConfiguration;
			buildSettings = {
				CODE_SIGN_STYLE = Automatic;
				DEVELOPMENT_TEAM = 7KFUMX8335;
				INFOPLIST_FILE = LYMoodDiaryMakerUITests/Info.plist;
				LD_RUNPATH_SEARCH_PATHS = (
					"$(inherited)",
					"@executable_path/Frameworks",
					"@loader_path/Frameworks",
				);
				PRODUCT_BUNDLE_IDENTIFIER = LY.LYMoodDiaryMakerUITests;
				PRODUCT_NAME = "$(TARGET_NAME)";
				TARGETED_DEVICE_FAMILY = "1,2";
				TEST_TARGET_NAME = LYMoodDiaryMaker;
			};
			name = Debug;
		};
		CFDB568B2125173200501905 /* Release */ = {
			isa = XCBuildConfiguration;
			buildSettings = {
				CODE_SIGN_STYLE = Automatic;
				DEVELOPMENT_TEAM = 7KFUMX8335;
				INFOPLIST_FILE = LYMoodDiaryMakerUITests/Info.plist;
				LD_RUNPATH_SEARCH_PATHS = (
					"$(inherited)",
					"@executable_path/Frameworks",
					"@loader_path/Frameworks",
				);
				PRODUCT_BUNDLE_IDENTIFIER = LY.LYMoodDiaryMakerUITests;
				PRODUCT_NAME = "$(TARGET_NAME)";
				TARGETED_DEVICE_FAMILY = "1,2";
				TEST_TARGET_NAME = LYMoodDiaryMaker;
			};
			name = Release;
		};
/* End XCBuildConfiguration section */

/* Begin XCConfigurationList section */
		CFDB56522125172E00501905 /* Build configuration list for PBXProject "LYMoodDiaryMaker" */ = {
			isa = XCConfigurationList;
			buildConfigurations = (
				CFDB56812125173200501905 /* Debug */,
				CFDB56822125173200501905 /* Release */,
			);
			defaultConfigurationIsVisible = 0;
			defaultConfigurationName = Release;
		};
		CFDB56832125173200501905 /* Build configuration list for PBXNativeTarget "LYMoodDiaryMaker" */ = {
			isa = XCConfigurationList;
			buildConfigurations = (
				CFDB56842125173200501905 /* Debug */,
				CFDB56852125173200501905 /* Release */,
			);
			defaultConfigurationIsVisible = 0;
			defaultConfigurationName = Release;
		};
		CFDB56862125173200501905 /* Build configuration list for PBXNativeTarget "LYMoodDiaryMakerTests" */ = {
			isa = XCConfigurationList;
			buildConfigurations = (
				CFDB56872125173200501905 /* Debug */,
				CFDB56882125173200501905 /* Release */,
			);
			defaultConfigurationIsVisible = 0;
			defaultConfigurationName = Release;
		};
		CFDB56892125173200501905 /* Build configuration list for PBXNativeTarget "LYMoodDiaryMakerUITests" */ = {
			isa = XCConfigurationList;
			buildConfigurations = (
				CFDB568A2125173200501905 /* Debug */,
				CFDB568B2125173200501905 /* Release */,
			);
			defaultConfigurationIsVisible = 0;
			defaultConfigurationName = Release;
		};
/* End XCConfigurationList section */
	};
	rootObject = CFDB564F2125172E00501905 /* Project object */;
}
